{
  "version": 4,
  "terraform_version": "0.13.5",
  "serial": 41,
  "lineage": "0e3e8318-5f3b-a5bc-cb81-0ec02e78473c",
  "outputs": {
    "client-frontend_url": {
      "value": "https://client-frontend-7vejkyf25a-uc.a.run.app",
      "type": "string"
    },
    "manager-frontend_url": {
      "value": "https://manager-frontend-7vejkyf25a-uc.a.run.app",
      "type": "string"
    }
  },
  "resources": [
    {
      "mode": "managed",
      "type": "google_cloud_run_service",
      "name": "client-frontend",
      "provider": "provider[\"registry.terraform.io/hashicorp/google\"]",
      "instances": [
        {
          "schema_version": 1,
          "attributes": {
            "autogenerate_revision_name": false,
            "id": "locations/us-central1/namespaces/techday-pizza-store-demo/services/client-frontend",
            "location": "us-central1",
            "metadata": [
              {
                "annotations": {
                  "serving.knative.dev/creator": "got2bex@gmail.com",
                  "serving.knative.dev/lastModifier": "got2bex@gmail.com"
                },
                "generation": 1,
                "labels": {
                  "cloud.googleapis.com/location": "us-central1"
                },
                "namespace": "techday-pizza-store-demo",
                "resource_version": "AAW0L+ST1aY",
                "self_link": "/apis/serving.knative.dev/v1/namespaces/387834638903/services/client-frontend",
                "uid": "4192f96d-69b9-4f07-bae7-92672a32a928"
              }
            ],
            "name": "client-frontend",
            "project": "techday-pizza-store-demo",
            "status": [
              {
                "conditions": [
                  {
                    "message": "",
                    "reason": "",
                    "status": "True",
                    "type": "Ready"
                  },
                  {
                    "message": "",
                    "reason": "",
                    "status": "True",
                    "type": "ConfigurationsReady"
                  },
                  {
                    "message": "",
                    "reason": "",
                    "status": "True",
                    "type": "RoutesReady"
                  }
                ],
                "latest_created_revision_name": "client-frontend-6fj9z",
                "latest_ready_revision_name": "client-frontend-6fj9z",
                "observed_generation": 1,
                "url": "https://client-frontend-7vejkyf25a-uc.a.run.app"
              }
            ],
            "template": [
              {
                "metadata": [
                  {
                    "annotations": {
                      "autoscaling.knative.dev/maxScale": "1000"
                    },
                    "generation": 0,
                    "labels": {},
                    "name": "",
                    "namespace": "",
                    "resource_version": "",
                    "self_link": "",
                    "uid": ""
                  }
                ],
                "spec": [
                  {
                    "container_concurrency": 80,
                    "containers": [
                      {
                        "args": [],
                        "command": [],
                        "env": [
                          {
                            "name": "EVENTS_ENDPOINT",
                            "value": "https://client-sse-handler-7vejkyf25a-uc.a.run.app"
                          },
                          {
                            "name": "ORDERS_ENDPOINT",
                            "value": "https://client-orders-api-7vejkyf25a-uc.a.run.app"
                          }
                        ],
                        "env_from": [],
                        "image": "gcr.io/techday-pizza-store-demo/client-frontend",
                        "ports": [
                          {
                            "container_port": 8080,
                            "name": "",
                            "protocol": ""
                          }
                        ],
                        "resources": [
                          {
                            "limits": {
                              "cpu": "1000m",
                              "memory": "128Mi"
                            },
                            "requests": {}
                          }
                        ],
                        "working_dir": ""
                      }
                    ],
                    "service_account_name": "",
                    "serving_state": "",
                    "timeout_seconds": 300
                  }
                ]
              }
            ],
            "timeouts": null,
            "traffic": [
              {
                "latest_revision": true,
                "percent": 100,
                "revision_name": ""
              }
            ]
          },
          "private": "eyJlMmJmYjczMC1lY2FhLTExZTYtOGY4OC0zNDM2M2JjN2M0YzAiOnsiY3JlYXRlIjozNjAwMDAwMDAwMDAsImRlbGV0ZSI6MjQwMDAwMDAwMDAwLCJ1cGRhdGUiOjkwMDAwMDAwMDAwMH0sInNjaGVtYV92ZXJzaW9uIjoiMSJ9",
          "dependencies": [
            "google_cloud_run_service.client-orders-api",
            "google_cloud_run_service.client-sse-handler",
            "google_project_service.run"
          ]
        }
      ]
    },
    {
      "mode": "managed",
      "type": "google_cloud_run_service",
      "name": "client-orders-api",
      "provider": "provider[\"registry.terraform.io/hashicorp/google\"]",
      "instances": [
        {
          "schema_version": 1,
          "attributes": {
            "autogenerate_revision_name": false,
            "id": "locations/us-central1/namespaces/techday-pizza-store-demo/services/client-orders-api",
            "location": "us-central1",
            "metadata": [
              {
                "annotations": {
                  "serving.knative.dev/creator": "got2bex@gmail.com",
                  "serving.knative.dev/lastModifier": "got2bex@gmail.com"
                },
                "generation": 1,
                "labels": {
                  "cloud.googleapis.com/location": "us-central1"
                },
                "namespace": "techday-pizza-store-demo",
                "resource_version": "AAW0L+SCAgE",
                "self_link": "/apis/serving.knative.dev/v1/namespaces/387834638903/services/client-orders-api",
                "uid": "ca9e9d59-97cd-4fc2-a6b5-6a09a821d73e"
              }
            ],
            "name": "client-orders-api",
            "project": "techday-pizza-store-demo",
            "status": [
              {
                "conditions": [
                  {
                    "message": "",
                    "reason": "",
                    "status": "True",
                    "type": "Ready"
                  },
                  {
                    "message": "",
                    "reason": "",
                    "status": "True",
                    "type": "ConfigurationsReady"
                  },
                  {
                    "message": "",
                    "reason": "",
                    "status": "True",
                    "type": "RoutesReady"
                  }
                ],
                "latest_created_revision_name": "client-orders-api-kz7tm",
                "latest_ready_revision_name": "client-orders-api-kz7tm",
                "observed_generation": 1,
                "url": "https://client-orders-api-7vejkyf25a-uc.a.run.app"
              }
            ],
            "template": [
              {
                "metadata": [
                  {
                    "annotations": {
                      "autoscaling.knative.dev/maxScale": "1000"
                    },
                    "generation": 0,
                    "labels": {},
                    "name": "",
                    "namespace": "",
                    "resource_version": "",
                    "self_link": "",
                    "uid": ""
                  }
                ],
                "spec": [
                  {
                    "container_concurrency": 80,
                    "containers": [
                      {
                        "args": [],
                        "command": [],
                        "env": [
                          {
                            "name": "QUARKUS_HTTP_PORT",
                            "value": "8080"
                          },
                          {
                            "name": "GCP_PUBSUB_TOPIC_PUBLISH_URL",
                            "value": "/v1/projects/techday-pizza-store-demo/topics/pizza-store:publish"
                          },
                          {
                            "name": "QUARKUS_TOKEN_MACHINE_SERVICE_ACCOUNT",
                            "value": "ewogICJ0eXBlIjogInNlcnZpY2VfYWNjb3VudCIsCiAgInByb2plY3RfaWQiOiAidGVjaGRheS1waXp6YS1zdG9yZS1kZW1vIiwKICAicHJpdmF0ZV9rZXlfaWQiOiAiZjE0MGJmNzgzNjdmNDVjNDVmNmY4NzczMWUzMjIzYmJhY2JhOTVkNSIsCiAgInByaXZhdGVfa2V5IjogIi0tLS0tQkVHSU4gUFJJVkFURSBLRVktLS0tLVxuTUlJRXZRSUJBREFOQmdrcWhraUc5dzBCQVFFRkFBU0NCS2N3Z2dTakFnRUFBb0lCQVFDNVRnK0poaldtN0ZueFxuREUwd3ZxZDdFS0NhNk80a2xvNzM2SDdEMlA5dFgrcjZ4aGk1dU43NkJtakhGVWdxM2lzcW9NdFFMVGIxTU1wc1xuMnEwMlFSR3VreGtKVU92WC83L2tUK1pXTExheHpKcVROelRFYWcxWjJPUW83WEs3eW4zdjVRZG9ubXpyRHNiNFxuMmUzSTNSMGROaHJ1dWFXTk5rMjFtbk5lSi9QR0VFS2ppS1dKRDRhYXV2N3hsdi9MV1dTWExpM21KYVhqejBoMVxuNmJxUWVkRU5VbWxvNWJVRC9yaWVuRWZ2RTZSazZYdEw1eStVWUFMWG9oanBQYi9sYURKVEk2NEVxQnJzem1yaVxubHVhdHB4bS83dzE2b3pxdnRkOVVidDUwbmpmanZwZmFFd2RUYXB2dUZXUGFsbytBOHp2YndkNjg5RkxKa1ROTlxuOHhuV211aEhBZ01CQUFFQ2dnRUFFemtBVHAxZ0NuRmhRU3FzQlQ3NTQ3L05VVlNSZzdVa25wMzlMSGJoeEdoYlxuV1dsY1hrUEp5YmtKZklGK0s0aEJoUm9LRFVhcmVWTDI1TVRvakFUQy8wK2VITVBLdTJ6NTdJYkhWN0Fxd1pYK1xuZ1FBTWxzV0RuZ3JzWER5Smx1YUNHdlV3eUE4TE1IVW5lZUF0bFJVdTlIMU0zTy9nTng1bmdFdkY1UUlTL1R3N1xuMzF5YzlpRlBMYVo2RnhOK0FjMTlTdnhCMDk5S0RrcWdPdm1hMTZXSGRzZHZOT041VWRGb3pLTzlvOE95dmg1c1xubjZ3SUtyU2cwVWFqSGVUNEpMbFI1RTBHeVFtMy9BSWJLSDAvajNyb3ZBdkI5TUdpaldyK0UxLzZIeGNkNjZjR1xuOUZrdlN0RmFjT3pEVlN1YkEwUjlIbEdLYTN0c3ZLZ3hDTjlJeVMrd1JRS0JnUUQ5am1SSEN1MDFUL1ZUeThtRVxuU05EdmR1TWNWaTV6bldzckRLeFB5cHJoQjRGcGdWNmJRSWtGbjJDNkxHVEtQU21VNzdvMnd1MlZIQ05CM3BJTFxuM0tTcC83czBVSXRuajljcXVTOFMxTVhKSmdUS1RXUDJFNnNKR1l4Vkw0WmYyY0ZZdWp3ZlpEdFUzVkdYRm95b1xudkcrbVovZ3lCckVXVncxV045WisrZjRrZXdLQmdRQzdGMFVubnFPbThOT1N1ZVhxNjhlb2tIZDRxR3NhTVBvbVxuNEt1TURRRzFTWjVrTC9OM0JsMWVrbU5teEtXdXpWQmYxU2dRWWFmcXp1MW1jM0dMQ2dIL21Ebnk3cjNLR1RPYlxuSFZ3QWVxRkJSdlhxcXRNSTdIM0hzelhzbFZpNVE3SzBLWFNHcTZBZStJdDFMcEZxakNBQ0s2djVjK2FpSWU5d1xuRWxwZll0K2ZwUUtCZ0Z5eTZrWnU0RHBWZVVPaGhaTXZhL09nYTNlNHFsTHFnbnZDcmx5ZG5mSVhaR0RHUTJoUFxuTjhrdWM1YWRGRnc3OEMvYlZTRWdNdXdJMVhzSGZDMktCVW1CalZlYSt0eHA0aWhrZTZsTzBPQ3hYWjc0bkVzaVxuOWF6bUFrQkNsOFlEUG9USjBhRklhOGlqQVdsVGZTbFRleDVEZEtJVmdEakNxc1dTdElESHRQcHhBb0dCQUxGVlxuV2pnMmx2bjZsU0FqVW5tOHFNL3V0ejlIcTlUMGpYZGlSMWdGVUJRc3hwUkNHeXc3ZlM3UjVLUVpTczRJVCtHMlxuSWpaOHlmTzMxYS9oUnNNNlpqQ0ZjcEFBbVNaQmd2ZkkrVlorNWZBQXVjR0h6MlpLK3VIWnpRZ0ZlMGFIazVCUFxuSnVNck5DZUhBSEMvQmhpTzN4d1BsdjlvU3poc29BNkRadU80elN2OUFvR0FCUDBGeElxSTNEcnRrTGVieC9kaFxuN05zRWdFRHNFZjZ1NzRFR08yQ2hzWU5YTm9oN0FJQmpNUEcrLzFmaE1yZUZPd1UrQ0JJNFk5Y2FHQkhCc3ZCWlxueldscGxJbnUxZGpHTUdKTzZkRVd5ZzNSa2dEYXhVenNyZTZlRFduVzY1ZXNJdEViRmJDRWhYMlBlUUxDbm5kNFxuSis5OEVacjlvbUtFTGU5WDI0WXBNRlE9XG4tLS0tLUVORCBQUklWQVRFIEtFWS0tLS0tXG4iLAogICJjbGllbnRfZW1haWwiOiAicHVic3ViQHRlY2hkYXktcGl6emEtc3RvcmUtZGVtby5pYW0uZ3NlcnZpY2VhY2NvdW50LmNvbSIsCiAgImNsaWVudF9pZCI6ICIxMDgyMDYxNDQyOTc4NzY2MjU4MjYiLAogICJhdXRoX3VyaSI6ICJodHRwczovL2FjY291bnRzLmdvb2dsZS5jb20vby9vYXV0aDIvYXV0aCIsCiAgInRva2VuX3VyaSI6ICJodHRwczovL29hdXRoMi5nb29nbGVhcGlzLmNvbS90b2tlbiIsCiAgImF1dGhfcHJvdmlkZXJfeDUwOV9jZXJ0X3VybCI6ICJodHRwczovL3d3dy5nb29nbGVhcGlzLmNvbS9vYXV0aDIvdjEvY2VydHMiLAogICJjbGllbnRfeDUwOV9jZXJ0X3VybCI6ICJodHRwczovL3d3dy5nb29nbGVhcGlzLmNvbS9yb2JvdC92MS9tZXRhZGF0YS94NTA5L3B1YnN1YiU0MHRlY2hkYXktcGl6emEtc3RvcmUtZGVtby5pYW0uZ3NlcnZpY2VhY2NvdW50LmNvbSIKfQo="
                          }
                        ],
                        "env_from": [],
                        "image": "gcr.io/techday-pizza-store-demo/client-orders-api",
                        "ports": [
                          {
                            "container_port": 8080,
                            "name": "",
                            "protocol": ""
                          }
                        ],
                        "resources": [
                          {
                            "limits": {
                              "cpu": "1000m",
                              "memory": "128Mi"
                            },
                            "requests": {}
                          }
                        ],
                        "working_dir": ""
                      }
                    ],
                    "service_account_name": "",
                    "serving_state": "",
                    "timeout_seconds": 300
                  }
                ]
              }
            ],
            "timeouts": null,
            "traffic": [
              {
                "latest_revision": true,
                "percent": 100,
                "revision_name": ""
              }
            ]
          },
          "private": "eyJlMmJmYjczMC1lY2FhLTExZTYtOGY4OC0zNDM2M2JjN2M0YzAiOnsiY3JlYXRlIjozNjAwMDAwMDAwMDAsImRlbGV0ZSI6MjQwMDAwMDAwMDAwLCJ1cGRhdGUiOjkwMDAwMDAwMDAwMH0sInNjaGVtYV92ZXJzaW9uIjoiMSJ9",
          "dependencies": [
            "google_project_service.run"
          ]
        }
      ]
    },
    {
      "mode": "managed",
      "type": "google_cloud_run_service",
      "name": "client-sse-handler",
      "provider": "provider[\"registry.terraform.io/hashicorp/google\"]",
      "instances": [
        {
          "schema_version": 1,
          "attributes": {
            "autogenerate_revision_name": false,
            "id": "locations/us-central1/namespaces/techday-pizza-store-demo/services/client-sse-handler",
            "location": "us-central1",
            "metadata": [
              {
                "annotations": {
                  "serving.knative.dev/creator": "got2bex@gmail.com",
                  "serving.knative.dev/lastModifier": "got2bex@gmail.com"
                },
                "generation": 1,
                "labels": {
                  "cloud.googleapis.com/location": "us-central1"
                },
                "namespace": "techday-pizza-store-demo",
                "resource_version": "AAW0L+SDfJw",
                "self_link": "/apis/serving.knative.dev/v1/namespaces/387834638903/services/client-sse-handler",
                "uid": "f81b83ba-1bff-4d85-8fa2-5b7944cf814b"
              }
            ],
            "name": "client-sse-handler",
            "project": "techday-pizza-store-demo",
            "status": [
              {
                "conditions": [
                  {
                    "message": "",
                    "reason": "",
                    "status": "True",
                    "type": "Ready"
                  },
                  {
                    "message": "",
                    "reason": "",
                    "status": "True",
                    "type": "ConfigurationsReady"
                  },
                  {
                    "message": "",
                    "reason": "",
                    "status": "True",
                    "type": "RoutesReady"
                  }
                ],
                "latest_created_revision_name": "client-sse-handler-cq2s2",
                "latest_ready_revision_name": "client-sse-handler-cq2s2",
                "observed_generation": 1,
                "url": "https://client-sse-handler-7vejkyf25a-uc.a.run.app"
              }
            ],
            "template": [
              {
                "metadata": [
                  {
                    "annotations": {
                      "autoscaling.knative.dev/maxScale": "1000"
                    },
                    "generation": 0,
                    "labels": {},
                    "name": "",
                    "namespace": "",
                    "resource_version": "",
                    "self_link": "",
                    "uid": ""
                  }
                ],
                "spec": [
                  {
                    "container_concurrency": 80,
                    "containers": [
                      {
                        "args": [],
                        "command": [],
                        "env": [
                          {
                            "name": "TOPIC_NAME",
                            "value": "pizza-store"
                          }
                        ],
                        "env_from": [],
                        "image": "gcr.io/techday-pizza-store-demo/sse-handler",
                        "ports": [
                          {
                            "container_port": 8080,
                            "name": "",
                            "protocol": ""
                          }
                        ],
                        "resources": [
                          {
                            "limits": {
                              "cpu": "1000m",
                              "memory": "128Mi"
                            },
                            "requests": {}
                          }
                        ],
                        "working_dir": ""
                      }
                    ],
                    "service_account_name": "",
                    "serving_state": "",
                    "timeout_seconds": 300
                  }
                ]
              }
            ],
            "timeouts": null,
            "traffic": [
              {
                "latest_revision": true,
                "percent": 100,
                "revision_name": ""
              }
            ]
          },
          "private": "eyJlMmJmYjczMC1lY2FhLTExZTYtOGY4OC0zNDM2M2JjN2M0YzAiOnsiY3JlYXRlIjozNjAwMDAwMDAwMDAsImRlbGV0ZSI6MjQwMDAwMDAwMDAwLCJ1cGRhdGUiOjkwMDAwMDAwMDAwMH0sInNjaGVtYV92ZXJzaW9uIjoiMSJ9",
          "dependencies": [
            "google_project_service.run"
          ]
        }
      ]
    },
    {
      "mode": "managed",
      "type": "google_cloud_run_service",
      "name": "manager-frontend",
      "provider": "provider[\"registry.terraform.io/hashicorp/google\"]",
      "instances": [
        {
          "schema_version": 1,
          "attributes": {
            "autogenerate_revision_name": false,
            "id": "locations/us-central1/namespaces/techday-pizza-store-demo/services/manager-frontend",
            "location": "us-central1",
            "metadata": [
              {
                "annotations": {
                  "serving.knative.dev/creator": "got2bex@gmail.com",
                  "serving.knative.dev/lastModifier": "got2bex@gmail.com"
                },
                "generation": 1,
                "labels": {
                  "cloud.googleapis.com/location": "us-central1"
                },
                "namespace": "techday-pizza-store-demo",
                "resource_version": "AAW0L+ST4pg",
                "self_link": "/apis/serving.knative.dev/v1/namespaces/387834638903/services/manager-frontend",
                "uid": "16762b3f-fba5-44a5-9d38-3c914c292079"
              }
            ],
            "name": "manager-frontend",
            "project": "techday-pizza-store-demo",
            "status": [
              {
                "conditions": [
                  {
                    "message": "",
                    "reason": "",
                    "status": "True",
                    "type": "Ready"
                  },
                  {
                    "message": "",
                    "reason": "",
                    "status": "True",
                    "type": "ConfigurationsReady"
                  },
                  {
                    "message": "",
                    "reason": "",
                    "status": "True",
                    "type": "RoutesReady"
                  }
                ],
                "latest_created_revision_name": "manager-frontend-vj8x6",
                "latest_ready_revision_name": "manager-frontend-vj8x6",
                "observed_generation": 1,
                "url": "https://manager-frontend-7vejkyf25a-uc.a.run.app"
              }
            ],
            "template": [
              {
                "metadata": [
                  {
                    "annotations": {
                      "autoscaling.knative.dev/maxScale": "1000"
                    },
                    "generation": 0,
                    "labels": {},
                    "name": "",
                    "namespace": "",
                    "resource_version": "",
                    "self_link": "",
                    "uid": ""
                  }
                ],
                "spec": [
                  {
                    "container_concurrency": 80,
                    "containers": [
                      {
                        "args": [],
                        "command": [],
                        "env": [
                          {
                            "name": "EVENTS_ENDPOINT",
                            "value": "https://manager-sse-handler-7vejkyf25a-uc.a.run.app"
                          },
                          {
                            "name": "ORDERS_ENDPOINT",
                            "value": "https://manager-orders-api-7vejkyf25a-uc.a.run.app"
                          }
                        ],
                        "env_from": [],
                        "image": "gcr.io/techday-pizza-store-demo/manager-frontend",
                        "ports": [
                          {
                            "container_port": 8080,
                            "name": "",
                            "protocol": ""
                          }
                        ],
                        "resources": [
                          {
                            "limits": {
                              "cpu": "1000m",
                              "memory": "128Mi"
                            },
                            "requests": {}
                          }
                        ],
                        "working_dir": ""
                      }
                    ],
                    "service_account_name": "",
                    "serving_state": "",
                    "timeout_seconds": 300
                  }
                ]
              }
            ],
            "timeouts": null,
            "traffic": [
              {
                "latest_revision": true,
                "percent": 100,
                "revision_name": ""
              }
            ]
          },
          "private": "eyJlMmJmYjczMC1lY2FhLTExZTYtOGY4OC0zNDM2M2JjN2M0YzAiOnsiY3JlYXRlIjozNjAwMDAwMDAwMDAsImRlbGV0ZSI6MjQwMDAwMDAwMDAwLCJ1cGRhdGUiOjkwMDAwMDAwMDAwMH0sInNjaGVtYV92ZXJzaW9uIjoiMSJ9",
          "dependencies": [
            "google_cloud_run_service.manager-orders-api",
            "google_cloud_run_service.manager-sse-handler",
            "google_project_service.run"
          ]
        }
      ]
    },
    {
      "mode": "managed",
      "type": "google_cloud_run_service",
      "name": "manager-orders-api",
      "provider": "provider[\"registry.terraform.io/hashicorp/google\"]",
      "instances": [
        {
          "schema_version": 1,
          "attributes": {
            "autogenerate_revision_name": false,
            "id": "locations/us-central1/namespaces/techday-pizza-store-demo/services/manager-orders-api",
            "location": "us-central1",
            "metadata": [
              {
                "annotations": {
                  "serving.knative.dev/creator": "got2bex@gmail.com",
                  "serving.knative.dev/lastModifier": "got2bex@gmail.com"
                },
                "generation": 1,
                "labels": {
                  "cloud.googleapis.com/location": "us-central1"
                },
                "namespace": "techday-pizza-store-demo",
                "resource_version": "AAW0L+SDvPE",
                "self_link": "/apis/serving.knative.dev/v1/namespaces/387834638903/services/manager-orders-api",
                "uid": "9c7866dd-ff8f-4f8c-aab0-a00e4d85bc4b"
              }
            ],
            "name": "manager-orders-api",
            "project": "techday-pizza-store-demo",
            "status": [
              {
                "conditions": [
                  {
                    "message": "",
                    "reason": "",
                    "status": "True",
                    "type": "Ready"
                  },
                  {
                    "message": "",
                    "reason": "",
                    "status": "True",
                    "type": "ConfigurationsReady"
                  },
                  {
                    "message": "",
                    "reason": "",
                    "status": "True",
                    "type": "RoutesReady"
                  }
                ],
                "latest_created_revision_name": "manager-orders-api-bs8l6",
                "latest_ready_revision_name": "manager-orders-api-bs8l6",
                "observed_generation": 1,
                "url": "https://manager-orders-api-7vejkyf25a-uc.a.run.app"
              }
            ],
            "template": [
              {
                "metadata": [
                  {
                    "annotations": {
                      "autoscaling.knative.dev/maxScale": "1000"
                    },
                    "generation": 0,
                    "labels": {},
                    "name": "",
                    "namespace": "",
                    "resource_version": "",
                    "self_link": "",
                    "uid": ""
                  }
                ],
                "spec": [
                  {
                    "container_concurrency": 80,
                    "containers": [
                      {
                        "args": [],
                        "command": [],
                        "env": [
                          {
                            "name": "QUARKUS_HTTP_PORT",
                            "value": "8080"
                          },
                          {
                            "name": "QUARKUS_MONGODB_CONNECTION_STRING",
                            "value": "mongodb://googleCloundRunUser:25yjZFC0MkgF2iXv@article-shard-00-00.smmzv.mongodb.net:27017,article-shard-00-01.smmzv.mongodb.net:27017,article-shard-00-02.smmzv.mongodb.net:27017/pizzaOrder?ssl=true\u0026replicaSet=atlas-pf7b4z-shard-0\u0026authSource=admin\u0026retryWrites=true\u0026w=majority"
                          },
                          {
                            "name": "GCP_PUBSUB_MANAGER_TOPIC_PUBLISH_URL",
                            "value": "/v1/projects/techday-pizza-store-demo/topics/pizza-store-manager:publish"
                          },
                          {
                            "name": "GCP_PUBSUB_TOPIC_PUBLISH_URL",
                            "value": "/v1/projects/techday-pizza-store-demo/topics/pizza-store:publish"
                          },
                          {
                            "name": "QUARKUS_TOKEN_MACHINE_SERVICE_ACCOUNT",
                            "value": "ewogICJ0eXBlIjogInNlcnZpY2VfYWNjb3VudCIsCiAgInByb2plY3RfaWQiOiAidGVjaGRheS1waXp6YS1zdG9yZS1kZW1vIiwKICAicHJpdmF0ZV9rZXlfaWQiOiAiZjE0MGJmNzgzNjdmNDVjNDVmNmY4NzczMWUzMjIzYmJhY2JhOTVkNSIsCiAgInByaXZhdGVfa2V5IjogIi0tLS0tQkVHSU4gUFJJVkFURSBLRVktLS0tLVxuTUlJRXZRSUJBREFOQmdrcWhraUc5dzBCQVFFRkFBU0NCS2N3Z2dTakFnRUFBb0lCQVFDNVRnK0poaldtN0ZueFxuREUwd3ZxZDdFS0NhNk80a2xvNzM2SDdEMlA5dFgrcjZ4aGk1dU43NkJtakhGVWdxM2lzcW9NdFFMVGIxTU1wc1xuMnEwMlFSR3VreGtKVU92WC83L2tUK1pXTExheHpKcVROelRFYWcxWjJPUW83WEs3eW4zdjVRZG9ubXpyRHNiNFxuMmUzSTNSMGROaHJ1dWFXTk5rMjFtbk5lSi9QR0VFS2ppS1dKRDRhYXV2N3hsdi9MV1dTWExpM21KYVhqejBoMVxuNmJxUWVkRU5VbWxvNWJVRC9yaWVuRWZ2RTZSazZYdEw1eStVWUFMWG9oanBQYi9sYURKVEk2NEVxQnJzem1yaVxubHVhdHB4bS83dzE2b3pxdnRkOVVidDUwbmpmanZwZmFFd2RUYXB2dUZXUGFsbytBOHp2YndkNjg5RkxKa1ROTlxuOHhuV211aEhBZ01CQUFFQ2dnRUFFemtBVHAxZ0NuRmhRU3FzQlQ3NTQ3L05VVlNSZzdVa25wMzlMSGJoeEdoYlxuV1dsY1hrUEp5YmtKZklGK0s0aEJoUm9LRFVhcmVWTDI1TVRvakFUQy8wK2VITVBLdTJ6NTdJYkhWN0Fxd1pYK1xuZ1FBTWxzV0RuZ3JzWER5Smx1YUNHdlV3eUE4TE1IVW5lZUF0bFJVdTlIMU0zTy9nTng1bmdFdkY1UUlTL1R3N1xuMzF5YzlpRlBMYVo2RnhOK0FjMTlTdnhCMDk5S0RrcWdPdm1hMTZXSGRzZHZOT041VWRGb3pLTzlvOE95dmg1c1xubjZ3SUtyU2cwVWFqSGVUNEpMbFI1RTBHeVFtMy9BSWJLSDAvajNyb3ZBdkI5TUdpaldyK0UxLzZIeGNkNjZjR1xuOUZrdlN0RmFjT3pEVlN1YkEwUjlIbEdLYTN0c3ZLZ3hDTjlJeVMrd1JRS0JnUUQ5am1SSEN1MDFUL1ZUeThtRVxuU05EdmR1TWNWaTV6bldzckRLeFB5cHJoQjRGcGdWNmJRSWtGbjJDNkxHVEtQU21VNzdvMnd1MlZIQ05CM3BJTFxuM0tTcC83czBVSXRuajljcXVTOFMxTVhKSmdUS1RXUDJFNnNKR1l4Vkw0WmYyY0ZZdWp3ZlpEdFUzVkdYRm95b1xudkcrbVovZ3lCckVXVncxV045WisrZjRrZXdLQmdRQzdGMFVubnFPbThOT1N1ZVhxNjhlb2tIZDRxR3NhTVBvbVxuNEt1TURRRzFTWjVrTC9OM0JsMWVrbU5teEtXdXpWQmYxU2dRWWFmcXp1MW1jM0dMQ2dIL21Ebnk3cjNLR1RPYlxuSFZ3QWVxRkJSdlhxcXRNSTdIM0hzelhzbFZpNVE3SzBLWFNHcTZBZStJdDFMcEZxakNBQ0s2djVjK2FpSWU5d1xuRWxwZll0K2ZwUUtCZ0Z5eTZrWnU0RHBWZVVPaGhaTXZhL09nYTNlNHFsTHFnbnZDcmx5ZG5mSVhaR0RHUTJoUFxuTjhrdWM1YWRGRnc3OEMvYlZTRWdNdXdJMVhzSGZDMktCVW1CalZlYSt0eHA0aWhrZTZsTzBPQ3hYWjc0bkVzaVxuOWF6bUFrQkNsOFlEUG9USjBhRklhOGlqQVdsVGZTbFRleDVEZEtJVmdEakNxc1dTdElESHRQcHhBb0dCQUxGVlxuV2pnMmx2bjZsU0FqVW5tOHFNL3V0ejlIcTlUMGpYZGlSMWdGVUJRc3hwUkNHeXc3ZlM3UjVLUVpTczRJVCtHMlxuSWpaOHlmTzMxYS9oUnNNNlpqQ0ZjcEFBbVNaQmd2ZkkrVlorNWZBQXVjR0h6MlpLK3VIWnpRZ0ZlMGFIazVCUFxuSnVNck5DZUhBSEMvQmhpTzN4d1BsdjlvU3poc29BNkRadU80elN2OUFvR0FCUDBGeElxSTNEcnRrTGVieC9kaFxuN05zRWdFRHNFZjZ1NzRFR08yQ2hzWU5YTm9oN0FJQmpNUEcrLzFmaE1yZUZPd1UrQ0JJNFk5Y2FHQkhCc3ZCWlxueldscGxJbnUxZGpHTUdKTzZkRVd5ZzNSa2dEYXhVenNyZTZlRFduVzY1ZXNJdEViRmJDRWhYMlBlUUxDbm5kNFxuSis5OEVacjlvbUtFTGU5WDI0WXBNRlE9XG4tLS0tLUVORCBQUklWQVRFIEtFWS0tLS0tXG4iLAogICJjbGllbnRfZW1haWwiOiAicHVic3ViQHRlY2hkYXktcGl6emEtc3RvcmUtZGVtby5pYW0uZ3NlcnZpY2VhY2NvdW50LmNvbSIsCiAgImNsaWVudF9pZCI6ICIxMDgyMDYxNDQyOTc4NzY2MjU4MjYiLAogICJhdXRoX3VyaSI6ICJodHRwczovL2FjY291bnRzLmdvb2dsZS5jb20vby9vYXV0aDIvYXV0aCIsCiAgInRva2VuX3VyaSI6ICJodHRwczovL29hdXRoMi5nb29nbGVhcGlzLmNvbS90b2tlbiIsCiAgImF1dGhfcHJvdmlkZXJfeDUwOV9jZXJ0X3VybCI6ICJodHRwczovL3d3dy5nb29nbGVhcGlzLmNvbS9vYXV0aDIvdjEvY2VydHMiLAogICJjbGllbnRfeDUwOV9jZXJ0X3VybCI6ICJodHRwczovL3d3dy5nb29nbGVhcGlzLmNvbS9yb2JvdC92MS9tZXRhZGF0YS94NTA5L3B1YnN1YiU0MHRlY2hkYXktcGl6emEtc3RvcmUtZGVtby5pYW0uZ3NlcnZpY2VhY2NvdW50LmNvbSIKfQo="
                          }
                        ],
                        "env_from": [],
                        "image": "gcr.io/techday-pizza-store-demo/manager-orders-api",
                        "ports": [
                          {
                            "container_port": 8080,
                            "name": "",
                            "protocol": ""
                          }
                        ],
                        "resources": [
                          {
                            "limits": {
                              "cpu": "1000m",
                              "memory": "128Mi"
                            },
                            "requests": {}
                          }
                        ],
                        "working_dir": ""
                      }
                    ],
                    "service_account_name": "",
                    "serving_state": "",
                    "timeout_seconds": 300
                  }
                ]
              }
            ],
            "timeouts": null,
            "traffic": [
              {
                "latest_revision": true,
                "percent": 100,
                "revision_name": ""
              }
            ]
          },
          "private": "eyJlMmJmYjczMC1lY2FhLTExZTYtOGY4OC0zNDM2M2JjN2M0YzAiOnsiY3JlYXRlIjozNjAwMDAwMDAwMDAsImRlbGV0ZSI6MjQwMDAwMDAwMDAwLCJ1cGRhdGUiOjkwMDAwMDAwMDAwMH0sInNjaGVtYV92ZXJzaW9uIjoiMSJ9",
          "dependencies": [
            "google_project_service.run"
          ]
        }
      ]
    },
    {
      "mode": "managed",
      "type": "google_cloud_run_service",
      "name": "manager-sse-handler",
      "provider": "provider[\"registry.terraform.io/hashicorp/google\"]",
      "instances": [
        {
          "schema_version": 1,
          "attributes": {
            "autogenerate_revision_name": false,
            "id": "locations/us-central1/namespaces/techday-pizza-store-demo/services/manager-sse-handler",
            "location": "us-central1",
            "metadata": [
              {
                "annotations": {
                  "serving.knative.dev/creator": "got2bex@gmail.com",
                  "serving.knative.dev/lastModifier": "got2bex@gmail.com"
                },
                "generation": 1,
                "labels": {
                  "cloud.googleapis.com/location": "us-central1"
                },
                "namespace": "techday-pizza-store-demo",
                "resource_version": "AAW0L+SDxCA",
                "self_link": "/apis/serving.knative.dev/v1/namespaces/387834638903/services/manager-sse-handler",
                "uid": "d73b77ce-0f04-4090-b9b9-4888ab17252b"
              }
            ],
            "name": "manager-sse-handler",
            "project": "techday-pizza-store-demo",
            "status": [
              {
                "conditions": [
                  {
                    "message": "",
                    "reason": "",
                    "status": "True",
                    "type": "Ready"
                  },
                  {
                    "message": "",
                    "reason": "",
                    "status": "True",
                    "type": "ConfigurationsReady"
                  },
                  {
                    "message": "",
                    "reason": "",
                    "status": "True",
                    "type": "RoutesReady"
                  }
                ],
                "latest_created_revision_name": "manager-sse-handler-4p2p7",
                "latest_ready_revision_name": "manager-sse-handler-4p2p7",
                "observed_generation": 1,
                "url": "https://manager-sse-handler-7vejkyf25a-uc.a.run.app"
              }
            ],
            "template": [
              {
                "metadata": [
                  {
                    "annotations": {
                      "autoscaling.knative.dev/maxScale": "1000"
                    },
                    "generation": 0,
                    "labels": {},
                    "name": "",
                    "namespace": "",
                    "resource_version": "",
                    "self_link": "",
                    "uid": ""
                  }
                ],
                "spec": [
                  {
                    "container_concurrency": 80,
                    "containers": [
                      {
                        "args": [],
                        "command": [],
                        "env": [
                          {
                            "name": "TOPIC_NAME",
                            "value": "pizza-store-manager"
                          }
                        ],
                        "env_from": [],
                        "image": "gcr.io/techday-pizza-store-demo/sse-handler",
                        "ports": [
                          {
                            "container_port": 8080,
                            "name": "",
                            "protocol": ""
                          }
                        ],
                        "resources": [
                          {
                            "limits": {
                              "cpu": "1000m",
                              "memory": "128Mi"
                            },
                            "requests": {}
                          }
                        ],
                        "working_dir": ""
                      }
                    ],
                    "service_account_name": "",
                    "serving_state": "",
                    "timeout_seconds": 300
                  }
                ]
              }
            ],
            "timeouts": null,
            "traffic": [
              {
                "latest_revision": true,
                "percent": 100,
                "revision_name": ""
              }
            ]
          },
          "private": "eyJlMmJmYjczMC1lY2FhLTExZTYtOGY4OC0zNDM2M2JjN2M0YzAiOnsiY3JlYXRlIjozNjAwMDAwMDAwMDAsImRlbGV0ZSI6MjQwMDAwMDAwMDAwLCJ1cGRhdGUiOjkwMDAwMDAwMDAwMH0sInNjaGVtYV92ZXJzaW9uIjoiMSJ9",
          "dependencies": [
            "google_project_service.run"
          ]
        }
      ]
    },
    {
      "mode": "managed",
      "type": "google_cloud_run_service",
      "name": "orders-api",
      "provider": "provider[\"registry.terraform.io/hashicorp/google\"]",
      "instances": [
        {
          "schema_version": 1,
          "attributes": {
            "autogenerate_revision_name": false,
            "id": "locations/us-central1/namespaces/techday-pizza-store-demo/services/orders-api",
            "location": "us-central1",
            "metadata": [
              {
                "annotations": {
                  "serving.knative.dev/creator": "got2bex@gmail.com",
                  "serving.knative.dev/lastModifier": "got2bex@gmail.com"
                },
                "generation": 1,
                "labels": {
                  "cloud.googleapis.com/location": "us-central1"
                },
                "namespace": "techday-pizza-store-demo",
                "resource_version": "AAW0L+SDepc",
                "self_link": "/apis/serving.knative.dev/v1/namespaces/387834638903/services/orders-api",
                "uid": "cab883dd-c1cc-45f5-84be-0870aad0a81a"
              }
            ],
            "name": "orders-api",
            "project": "techday-pizza-store-demo",
            "status": [
              {
                "conditions": [
                  {
                    "message": "",
                    "reason": "",
                    "status": "True",
                    "type": "Ready"
                  },
                  {
                    "message": "",
                    "reason": "",
                    "status": "True",
                    "type": "ConfigurationsReady"
                  },
                  {
                    "message": "",
                    "reason": "",
                    "status": "True",
                    "type": "RoutesReady"
                  }
                ],
                "latest_created_revision_name": "orders-api-98dzc",
                "latest_ready_revision_name": "orders-api-98dzc",
                "observed_generation": 1,
                "url": "https://orders-api-7vejkyf25a-uc.a.run.app"
              }
            ],
            "template": [
              {
                "metadata": [
                  {
                    "annotations": {
                      "autoscaling.knative.dev/maxScale": "1000"
                    },
                    "generation": 0,
                    "labels": {},
                    "name": "",
                    "namespace": "",
                    "resource_version": "",
                    "self_link": "",
                    "uid": ""
                  }
                ],
                "spec": [
                  {
                    "container_concurrency": 80,
                    "containers": [
                      {
                        "args": [],
                        "command": [],
                        "env": [
                          {
                            "name": "QUARKUS_HTTP_PORT",
                            "value": "8080"
                          },
                          {
                            "name": "QUARKUS_MONGODB_CONNECTION_STRING",
                            "value": "mongodb://googleCloundRunUser:25yjZFC0MkgF2iXv@article-shard-00-00.smmzv.mongodb.net:27017,article-shard-00-01.smmzv.mongodb.net:27017,article-shard-00-02.smmzv.mongodb.net:27017/pizzaOrder?ssl=true\u0026replicaSet=atlas-pf7b4z-shard-0\u0026authSource=admin\u0026retryWrites=true\u0026w=majority"
                          },
                          {
                            "name": "GCP_PUBSUB_TOPIC_PUBLISH_URL",
                            "value": "/v1/projects/techday-pizza-store-demo/topics/pizza-store:publish"
                          },
                          {
                            "name": "GCP_PUBSUB_MANAGER_TOPIC_PUBLISH_URL",
                            "value": "/v1/projects/techday-pizza-store-demo/topics/pizza-store-manager:publish"
                          },
                          {
                            "name": "QUARKUS_TOKEN_MACHINE_SERVICE_ACCOUNT",
                            "value": "ewogICJ0eXBlIjogInNlcnZpY2VfYWNjb3VudCIsCiAgInByb2plY3RfaWQiOiAidGVjaGRheS1waXp6YS1zdG9yZS1kZW1vIiwKICAicHJpdmF0ZV9rZXlfaWQiOiAiZjE0MGJmNzgzNjdmNDVjNDVmNmY4NzczMWUzMjIzYmJhY2JhOTVkNSIsCiAgInByaXZhdGVfa2V5IjogIi0tLS0tQkVHSU4gUFJJVkFURSBLRVktLS0tLVxuTUlJRXZRSUJBREFOQmdrcWhraUc5dzBCQVFFRkFBU0NCS2N3Z2dTakFnRUFBb0lCQVFDNVRnK0poaldtN0ZueFxuREUwd3ZxZDdFS0NhNk80a2xvNzM2SDdEMlA5dFgrcjZ4aGk1dU43NkJtakhGVWdxM2lzcW9NdFFMVGIxTU1wc1xuMnEwMlFSR3VreGtKVU92WC83L2tUK1pXTExheHpKcVROelRFYWcxWjJPUW83WEs3eW4zdjVRZG9ubXpyRHNiNFxuMmUzSTNSMGROaHJ1dWFXTk5rMjFtbk5lSi9QR0VFS2ppS1dKRDRhYXV2N3hsdi9MV1dTWExpM21KYVhqejBoMVxuNmJxUWVkRU5VbWxvNWJVRC9yaWVuRWZ2RTZSazZYdEw1eStVWUFMWG9oanBQYi9sYURKVEk2NEVxQnJzem1yaVxubHVhdHB4bS83dzE2b3pxdnRkOVVidDUwbmpmanZwZmFFd2RUYXB2dUZXUGFsbytBOHp2YndkNjg5RkxKa1ROTlxuOHhuV211aEhBZ01CQUFFQ2dnRUFFemtBVHAxZ0NuRmhRU3FzQlQ3NTQ3L05VVlNSZzdVa25wMzlMSGJoeEdoYlxuV1dsY1hrUEp5YmtKZklGK0s0aEJoUm9LRFVhcmVWTDI1TVRvakFUQy8wK2VITVBLdTJ6NTdJYkhWN0Fxd1pYK1xuZ1FBTWxzV0RuZ3JzWER5Smx1YUNHdlV3eUE4TE1IVW5lZUF0bFJVdTlIMU0zTy9nTng1bmdFdkY1UUlTL1R3N1xuMzF5YzlpRlBMYVo2RnhOK0FjMTlTdnhCMDk5S0RrcWdPdm1hMTZXSGRzZHZOT041VWRGb3pLTzlvOE95dmg1c1xubjZ3SUtyU2cwVWFqSGVUNEpMbFI1RTBHeVFtMy9BSWJLSDAvajNyb3ZBdkI5TUdpaldyK0UxLzZIeGNkNjZjR1xuOUZrdlN0RmFjT3pEVlN1YkEwUjlIbEdLYTN0c3ZLZ3hDTjlJeVMrd1JRS0JnUUQ5am1SSEN1MDFUL1ZUeThtRVxuU05EdmR1TWNWaTV6bldzckRLeFB5cHJoQjRGcGdWNmJRSWtGbjJDNkxHVEtQU21VNzdvMnd1MlZIQ05CM3BJTFxuM0tTcC83czBVSXRuajljcXVTOFMxTVhKSmdUS1RXUDJFNnNKR1l4Vkw0WmYyY0ZZdWp3ZlpEdFUzVkdYRm95b1xudkcrbVovZ3lCckVXVncxV045WisrZjRrZXdLQmdRQzdGMFVubnFPbThOT1N1ZVhxNjhlb2tIZDRxR3NhTVBvbVxuNEt1TURRRzFTWjVrTC9OM0JsMWVrbU5teEtXdXpWQmYxU2dRWWFmcXp1MW1jM0dMQ2dIL21Ebnk3cjNLR1RPYlxuSFZ3QWVxRkJSdlhxcXRNSTdIM0hzelhzbFZpNVE3SzBLWFNHcTZBZStJdDFMcEZxakNBQ0s2djVjK2FpSWU5d1xuRWxwZll0K2ZwUUtCZ0Z5eTZrWnU0RHBWZVVPaGhaTXZhL09nYTNlNHFsTHFnbnZDcmx5ZG5mSVhaR0RHUTJoUFxuTjhrdWM1YWRGRnc3OEMvYlZTRWdNdXdJMVhzSGZDMktCVW1CalZlYSt0eHA0aWhrZTZsTzBPQ3hYWjc0bkVzaVxuOWF6bUFrQkNsOFlEUG9USjBhRklhOGlqQVdsVGZTbFRleDVEZEtJVmdEakNxc1dTdElESHRQcHhBb0dCQUxGVlxuV2pnMmx2bjZsU0FqVW5tOHFNL3V0ejlIcTlUMGpYZGlSMWdGVUJRc3hwUkNHeXc3ZlM3UjVLUVpTczRJVCtHMlxuSWpaOHlmTzMxYS9oUnNNNlpqQ0ZjcEFBbVNaQmd2ZkkrVlorNWZBQXVjR0h6MlpLK3VIWnpRZ0ZlMGFIazVCUFxuSnVNck5DZUhBSEMvQmhpTzN4d1BsdjlvU3poc29BNkRadU80elN2OUFvR0FCUDBGeElxSTNEcnRrTGVieC9kaFxuN05zRWdFRHNFZjZ1NzRFR08yQ2hzWU5YTm9oN0FJQmpNUEcrLzFmaE1yZUZPd1UrQ0JJNFk5Y2FHQkhCc3ZCWlxueldscGxJbnUxZGpHTUdKTzZkRVd5ZzNSa2dEYXhVenNyZTZlRFduVzY1ZXNJdEViRmJDRWhYMlBlUUxDbm5kNFxuSis5OEVacjlvbUtFTGU5WDI0WXBNRlE9XG4tLS0tLUVORCBQUklWQVRFIEtFWS0tLS0tXG4iLAogICJjbGllbnRfZW1haWwiOiAicHVic3ViQHRlY2hkYXktcGl6emEtc3RvcmUtZGVtby5pYW0uZ3NlcnZpY2VhY2NvdW50LmNvbSIsCiAgImNsaWVudF9pZCI6ICIxMDgyMDYxNDQyOTc4NzY2MjU4MjYiLAogICJhdXRoX3VyaSI6ICJodHRwczovL2FjY291bnRzLmdvb2dsZS5jb20vby9vYXV0aDIvYXV0aCIsCiAgInRva2VuX3VyaSI6ICJodHRwczovL29hdXRoMi5nb29nbGVhcGlzLmNvbS90b2tlbiIsCiAgImF1dGhfcHJvdmlkZXJfeDUwOV9jZXJ0X3VybCI6ICJodHRwczovL3d3dy5nb29nbGVhcGlzLmNvbS9vYXV0aDIvdjEvY2VydHMiLAogICJjbGllbnRfeDUwOV9jZXJ0X3VybCI6ICJodHRwczovL3d3dy5nb29nbGVhcGlzLmNvbS9yb2JvdC92MS9tZXRhZGF0YS94NTA5L3B1YnN1YiU0MHRlY2hkYXktcGl6emEtc3RvcmUtZGVtby5pYW0uZ3NlcnZpY2VhY2NvdW50LmNvbSIKfQo="
                          }
                        ],
                        "env_from": [],
                        "image": "gcr.io/techday-pizza-store-demo/orders-api",
                        "ports": [
                          {
                            "container_port": 8080,
                            "name": "",
                            "protocol": ""
                          }
                        ],
                        "resources": [
                          {
                            "limits": {
                              "cpu": "1000m",
                              "memory": "128Mi"
                            },
                            "requests": {}
                          }
                        ],
                        "working_dir": ""
                      }
                    ],
                    "service_account_name": "",
                    "serving_state": "",
                    "timeout_seconds": 300
                  }
                ]
              }
            ],
            "timeouts": null,
            "traffic": [
              {
                "latest_revision": true,
                "percent": 100,
                "revision_name": ""
              }
            ]
          },
          "private": "eyJlMmJmYjczMC1lY2FhLTExZTYtOGY4OC0zNDM2M2JjN2M0YzAiOnsiY3JlYXRlIjozNjAwMDAwMDAwMDAsImRlbGV0ZSI6MjQwMDAwMDAwMDAwLCJ1cGRhdGUiOjkwMDAwMDAwMDAwMH0sInNjaGVtYV92ZXJzaW9uIjoiMSJ9",
          "dependencies": [
            "google_project_service.run"
          ]
        }
      ]
    },
    {
      "mode": "managed",
      "type": "google_cloud_run_service_iam_binding",
      "name": "auth-client-frontend",
      "provider": "provider[\"registry.terraform.io/hashicorp/google\"]",
      "instances": [
        {
          "schema_version": 0,
          "attributes": {
            "condition": [],
            "etag": "BwW0L9kz5eY=",
            "id": "v1/projects/techday-pizza-store-demo/locations/us-central1/services/client-frontend/roles/run.invoker",
            "location": "us-central1",
            "members": [
              "allUsers"
            ],
            "project": "techday-pizza-store-demo",
            "role": "roles/run.invoker",
            "service": "v1/projects/techday-pizza-store-demo/locations/us-central1/services/client-frontend"
          },
          "private": "bnVsbA==",
          "dependencies": [
            "google_cloud_run_service.client-frontend",
            "google_cloud_run_service.client-orders-api",
            "google_cloud_run_service.client-sse-handler",
            "google_project_service.run"
          ]
        }
      ]
    },
    {
      "mode": "managed",
      "type": "google_cloud_run_service_iam_binding",
      "name": "auth-client-orders-api",
      "provider": "provider[\"registry.terraform.io/hashicorp/google\"]",
      "instances": [
        {
          "schema_version": 0,
          "attributes": {
            "condition": [],
            "etag": "BwW0L8S6cho=",
            "id": "v1/projects/techday-pizza-store-demo/locations/us-central1/services/client-orders-api/roles/run.invoker",
            "location": "us-central1",
            "members": [
              "allUsers"
            ],
            "project": "techday-pizza-store-demo",
            "role": "roles/run.invoker",
            "service": "v1/projects/techday-pizza-store-demo/locations/us-central1/services/client-orders-api"
          },
          "private": "bnVsbA==",
          "dependencies": [
            "google_cloud_run_service.client-orders-api",
            "google_project_service.run"
          ]
        }
      ]
    },
    {
      "mode": "managed",
      "type": "google_cloud_run_service_iam_binding",
      "name": "auth-client-sse-handler",
      "provider": "provider[\"registry.terraform.io/hashicorp/google\"]",
      "instances": [
        {
          "schema_version": 0,
          "attributes": {
            "condition": [],
            "etag": "BwW0L8VDvYE=",
            "id": "v1/projects/techday-pizza-store-demo/locations/us-central1/services/client-sse-handler/roles/run.invoker",
            "location": "us-central1",
            "members": [
              "allUsers"
            ],
            "project": "techday-pizza-store-demo",
            "role": "roles/run.invoker",
            "service": "v1/projects/techday-pizza-store-demo/locations/us-central1/services/client-sse-handler"
          },
          "private": "bnVsbA==",
          "dependencies": [
            "google_cloud_run_service.client-sse-handler",
            "google_project_service.run"
          ]
        }
      ]
    },
    {
      "mode": "managed",
      "type": "google_cloud_run_service_iam_binding",
      "name": "auth-manager-frontend",
      "provider": "provider[\"registry.terraform.io/hashicorp/google\"]",
      "instances": [
        {
          "schema_version": 0,
          "attributes": {
            "condition": [],
            "etag": "BwW0L8VbKtI=",
            "id": "v1/projects/techday-pizza-store-demo/locations/us-central1/services/manager-frontend/roles/run.invoker",
            "location": "us-central1",
            "members": [
              "allUsers"
            ],
            "project": "techday-pizza-store-demo",
            "role": "roles/run.invoker",
            "service": "v1/projects/techday-pizza-store-demo/locations/us-central1/services/manager-frontend"
          },
          "private": "bnVsbA==",
          "dependencies": [
            "google_cloud_run_service.manager-frontend",
            "google_cloud_run_service.manager-orders-api",
            "google_cloud_run_service.manager-sse-handler",
            "google_project_service.run"
          ]
        }
      ]
    },
    {
      "mode": "managed",
      "type": "google_cloud_run_service_iam_binding",
      "name": "auth-manager-orders-api",
      "provider": "provider[\"registry.terraform.io/hashicorp/google\"]",
      "instances": [
        {
          "schema_version": 0,
          "attributes": {
            "condition": [],
            "etag": "BwW0L8S8MMU=",
            "id": "v1/projects/techday-pizza-store-demo/locations/us-central1/services/manager-orders-api/roles/run.invoker",
            "location": "us-central1",
            "members": [
              "allUsers"
            ],
            "project": "techday-pizza-store-demo",
            "role": "roles/run.invoker",
            "service": "v1/projects/techday-pizza-store-demo/locations/us-central1/services/manager-orders-api"
          },
          "private": "bnVsbA==",
          "dependencies": [
            "google_cloud_run_service.manager-orders-api",
            "google_project_service.run"
          ]
        }
      ]
    },
    {
      "mode": "managed",
      "type": "google_cloud_run_service_iam_binding",
      "name": "auth-manager-sse-handler",
      "provider": "provider[\"registry.terraform.io/hashicorp/google\"]",
      "instances": [
        {
          "schema_version": 0,
          "attributes": {
            "condition": [],
            "etag": "BwW0L8TDnaQ=",
            "id": "v1/projects/techday-pizza-store-demo/locations/us-central1/services/manager-sse-handler/roles/run.invoker",
            "location": "us-central1",
            "members": [
              "allUsers"
            ],
            "project": "techday-pizza-store-demo",
            "role": "roles/run.invoker",
            "service": "v1/projects/techday-pizza-store-demo/locations/us-central1/services/manager-sse-handler"
          },
          "private": "bnVsbA==",
          "dependencies": [
            "google_cloud_run_service.manager-sse-handler",
            "google_project_service.run"
          ]
        }
      ]
    },
    {
      "mode": "managed",
      "type": "google_cloud_run_service_iam_binding",
      "name": "auth-orders-api",
      "provider": "provider[\"registry.terraform.io/hashicorp/google\"]",
      "instances": [
        {
          "schema_version": 0,
          "attributes": {
            "condition": [],
            "etag": "BwW0L8S8Eq4=",
            "id": "v1/projects/techday-pizza-store-demo/locations/us-central1/services/orders-api/roles/run.invoker",
            "location": "us-central1",
            "members": [
              "allUsers"
            ],
            "project": "techday-pizza-store-demo",
            "role": "roles/run.invoker",
            "service": "v1/projects/techday-pizza-store-demo/locations/us-central1/services/orders-api"
          },
          "private": "bnVsbA==",
          "dependencies": [
            "google_cloud_run_service.orders-api",
            "google_project_service.run"
          ]
        }
      ]
    },
    {
      "mode": "managed",
      "type": "google_project_service",
      "name": "run",
      "provider": "provider[\"registry.terraform.io/hashicorp/google\"]",
      "instances": [
        {
          "schema_version": 0,
          "attributes": {
            "disable_dependent_services": null,
            "disable_on_destroy": true,
            "id": "techday-pizza-store-demo/run.googleapis.com",
            "project": "techday-pizza-store-demo",
            "service": "run.googleapis.com",
            "timeouts": null
          },
          "private": "eyJlMmJmYjczMC1lY2FhLTExZTYtOGY4OC0zNDM2M2JjN2M0YzAiOnsiY3JlYXRlIjoxMjAwMDAwMDAwMDAwLCJkZWxldGUiOjEyMDAwMDAwMDAwMDAsInJlYWQiOjYwMDAwMDAwMDAwMCwidXBkYXRlIjoxMjAwMDAwMDAwMDAwfX0="
        }
      ]
    },
    {
      "mode": "managed",
      "type": "google_pubsub_subscription",
      "name": "pizza-store-manager-push-sub-order-list",
      "provider": "provider[\"registry.terraform.io/hashicorp/google\"]",
      "instances": [
        {
          "schema_version": 0,
          "attributes": {
            "ack_deadline_seconds": 20,
            "dead_letter_policy": [],
            "enable_message_ordering": false,
            "expiration_policy": [
              {
                "ttl": "2678400s"
              }
            ],
            "filter": "attributes.eventId = \"PIZZA_ORDER_LIST_REQUEST\"",
            "id": "projects/techday-pizza-store-demo/subscriptions/pizza-store-manager-push-sub-order-list",
            "labels": {},
            "message_retention_duration": "604800s",
            "name": "pizza-store-manager-push-sub-order-list",
            "path": "projects/techday-pizza-store-demo/subscriptions/pizza-store-manager-push-sub-order-list",
            "project": "techday-pizza-store-demo",
            "push_config": [
              {
                "attributes": {},
                "oidc_token": [],
                "push_endpoint": "https://orders-api-7vejkyf25a-uc.a.run.app/orders"
              }
            ],
            "retain_acked_messages": false,
            "retry_policy": [
              {
                "maximum_backoff": "600s",
                "minimum_backoff": "10s"
              }
            ],
            "timeouts": null,
            "topic": "projects/techday-pizza-store-demo/topics/pizza-store-manager"
          },
          "private": "eyJlMmJmYjczMC1lY2FhLTExZTYtOGY4OC0zNDM2M2JjN2M0YzAiOnsiY3JlYXRlIjozNjAwMDAwMDAwMDAsImRlbGV0ZSI6MjQwMDAwMDAwMDAwLCJ1cGRhdGUiOjM2MDAwMDAwMDAwMH19",
          "dependencies": [
            "google_cloud_run_service.orders-api",
            "google_project_service.run",
            "google_pubsub_topic.pizza-store-manager"
          ]
        }
      ]
    },
    {
      "mode": "managed",
      "type": "google_pubsub_subscription",
      "name": "pizza-store-push-sub",
      "provider": "provider[\"registry.terraform.io/hashicorp/google\"]",
      "instances": [
        {
          "schema_version": 0,
          "attributes": {
            "ack_deadline_seconds": 20,
            "dead_letter_policy": [],
            "enable_message_ordering": false,
            "expiration_policy": [
              {
                "ttl": "2678400s"
              }
            ],
            "filter": "attributes.eventId = \"PIZZA_ORDER_REQUEST\" OR attributes.eventId = \"PIZZA_PREPARED_REQUEST\" OR attributes.eventId = \"PIZZA_BAKED_REQUEST\" OR attributes.eventId = \"PIZZA_LEFT_STORE_REQUEST\" OR attributes.eventId = \"PIZZA_DELIVERED_REQUEST\"",
            "id": "projects/techday-pizza-store-demo/subscriptions/pizza-store-push-sub",
            "labels": {},
            "message_retention_duration": "604800s",
            "name": "pizza-store-push-sub",
            "path": "projects/techday-pizza-store-demo/subscriptions/pizza-store-push-sub",
            "project": "techday-pizza-store-demo",
            "push_config": [
              {
                "attributes": {},
                "oidc_token": [],
                "push_endpoint": "https://orders-api-7vejkyf25a-uc.a.run.app/orders"
              }
            ],
            "retain_acked_messages": false,
            "retry_policy": [
              {
                "maximum_backoff": "600s",
                "minimum_backoff": "10s"
              }
            ],
            "timeouts": null,
            "topic": "projects/techday-pizza-store-demo/topics/pizza-store"
          },
          "private": "eyJlMmJmYjczMC1lY2FhLTExZTYtOGY4OC0zNDM2M2JjN2M0YzAiOnsiY3JlYXRlIjozNjAwMDAwMDAwMDAsImRlbGV0ZSI6MjQwMDAwMDAwMDAwLCJ1cGRhdGUiOjM2MDAwMDAwMDAwMH19",
          "dependencies": [
            "google_cloud_run_service.orders-api",
            "google_project_service.run",
            "google_pubsub_topic.pizza-store"
          ]
        }
      ]
    },
    {
      "mode": "managed",
      "type": "google_pubsub_subscription",
      "name": "pizza-store-push-sub-check-status",
      "provider": "provider[\"registry.terraform.io/hashicorp/google\"]",
      "instances": [
        {
          "schema_version": 0,
          "attributes": {
            "ack_deadline_seconds": 20,
            "dead_letter_policy": [],
            "enable_message_ordering": false,
            "expiration_policy": [
              {
                "ttl": "2678400s"
              }
            ],
            "filter": "attributes.eventId = \"PIZZA_STATUS_REQUEST\"",
            "id": "projects/techday-pizza-store-demo/subscriptions/pizza-store-push-sub-check-status",
            "labels": {},
            "message_retention_duration": "604800s",
            "name": "pizza-store-push-sub-check-status",
            "path": "projects/techday-pizza-store-demo/subscriptions/pizza-store-push-sub-check-status",
            "project": "techday-pizza-store-demo",
            "push_config": [
              {
                "attributes": {},
                "oidc_token": [],
                "push_endpoint": "https://orders-api-7vejkyf25a-uc.a.run.app/orders"
              }
            ],
            "retain_acked_messages": false,
            "retry_policy": [
              {
                "maximum_backoff": "600s",
                "minimum_backoff": "10s"
              }
            ],
            "timeouts": null,
            "topic": "projects/techday-pizza-store-demo/topics/pizza-store"
          },
          "private": "eyJlMmJmYjczMC1lY2FhLTExZTYtOGY4OC0zNDM2M2JjN2M0YzAiOnsiY3JlYXRlIjozNjAwMDAwMDAwMDAsImRlbGV0ZSI6MjQwMDAwMDAwMDAwLCJ1cGRhdGUiOjM2MDAwMDAwMDAwMH19",
          "dependencies": [
            "google_cloud_run_service.orders-api",
            "google_project_service.run",
            "google_pubsub_topic.pizza-store"
          ]
        }
      ]
    },
    {
      "mode": "managed",
      "type": "google_pubsub_topic",
      "name": "pizza-store",
      "provider": "provider[\"registry.terraform.io/hashicorp/google\"]",
      "instances": [
        {
          "schema_version": 0,
          "attributes": {
            "id": "projects/techday-pizza-store-demo/topics/pizza-store",
            "kms_key_name": "",
            "labels": {},
            "message_storage_policy": [],
            "name": "pizza-store",
            "project": "techday-pizza-store-demo",
            "timeouts": null
          },
          "private": "eyJlMmJmYjczMC1lY2FhLTExZTYtOGY4OC0zNDM2M2JjN2M0YzAiOnsiY3JlYXRlIjozNjAwMDAwMDAwMDAsImRlbGV0ZSI6MjQwMDAwMDAwMDAwLCJ1cGRhdGUiOjM2MDAwMDAwMDAwMH19"
        }
      ]
    },
    {
      "mode": "managed",
      "type": "google_pubsub_topic",
      "name": "pizza-store-manager",
      "provider": "provider[\"registry.terraform.io/hashicorp/google\"]",
      "instances": [
        {
          "schema_version": 0,
          "attributes": {
            "id": "projects/techday-pizza-store-demo/topics/pizza-store-manager",
            "kms_key_name": "",
            "labels": {},
            "message_storage_policy": [],
            "name": "pizza-store-manager",
            "project": "techday-pizza-store-demo",
            "timeouts": null
          },
          "private": "eyJlMmJmYjczMC1lY2FhLTExZTYtOGY4OC0zNDM2M2JjN2M0YzAiOnsiY3JlYXRlIjozNjAwMDAwMDAwMDAsImRlbGV0ZSI6MjQwMDAwMDAwMDAwLCJ1cGRhdGUiOjM2MDAwMDAwMDAwMH19"
        }
      ]
    }
  ]
}
