{
  "version": 4,
  "terraform_version": "0.13.5",
  "serial": 113,
  "lineage": "1f6c8736-5375-d711-f462-e582d6508221",
  "outputs": {
    "client_front_end_url": {
      "value": "https://clientfrontend-gltxmbckva-uc.a.run.app",
      "type": "string"
    },
    "manager_front_end_url": {
      "value": "https://managerfrontend-gltxmbckva-uc.a.run.app",
      "type": "string"
    }
  },
  "resources": [
    {
      "mode": "managed",
      "type": "google_cloud_run_domain_mapping",
      "name": "orders_maximedavid",
      "provider": "provider[\"registry.terraform.io/hashicorp/google\"]",
      "instances": [
        {
          "schema_version": 0,
          "attributes": {
            "id": "locations/us-central1/namespaces/techday-pizza-store/domainmappings/orders.maximedavid.fr",
            "location": "us-central1",
            "metadata": [
              {
                "annotations": {
                  "run.googleapis.com/launch-stage": "BETA",
                  "serving.knative.dev/creator": "got2bex@gmail.com",
                  "serving.knative.dev/lastModifier": "got2bex@gmail.com"
                },
                "generation": 1,
                "labels": {
                  "cloud.googleapis.com/location": "us-central1"
                },
                "namespace": "techday-pizza-store",
                "resource_version": "AAWz5kinX4s",
                "self_link": "/apis/domains.cloudrun.com/v1/namespaces/237318786155/domainmappings/orders.maximedavid.fr",
                "uid": "06d560df-d517-4401-b02e-46734608631a"
              }
            ],
            "name": "orders.maximedavid.fr",
            "project": "techday-pizza-store",
            "spec": [
              {
                "certificate_mode": "AUTOMATIC",
                "force_override": false,
                "route_name": "managerfrontend"
              }
            ],
            "status": [
              {
                "conditions": [
                  {
                    "message": "Successfully deleted.",
                    "reason": "",
                    "status": "True",
                    "type": "Ready"
                  },
                  {
                    "message": "Successfully deleted.",
                    "reason": "",
                    "status": "False",
                    "type": "DomainRoutable"
                  }
                ],
                "mapped_route_name": "",
                "observed_generation": 1,
                "resource_records": []
              }
            ],
            "timeouts": null
          },
          "private": "eyJlMmJmYjczMC1lY2FhLTExZTYtOGY4OC0zNDM2M2JjN2M0YzAiOnsiY3JlYXRlIjozNjAwMDAwMDAwMDAsImRlbGV0ZSI6MjQwMDAwMDAwMDAwfX0=",
          "dependencies": [
            "google_cloud_run_service.managerfrontend"
          ]
        }
      ]
    },
    {
      "mode": "managed",
      "type": "google_cloud_run_service",
      "name": "clientfrontend",
      "provider": "provider[\"registry.terraform.io/hashicorp/google\"]",
      "instances": [
        {
          "schema_version": 1,
          "attributes": {
            "autogenerate_revision_name": false,
            "id": "locations/us-central1/namespaces/techday-pizza-store/services/clientfrontend",
            "location": "us-central1",
            "metadata": [
              {
                "annotations": {
                  "serving.knative.dev/creator": "got2bex@gmail.com",
                  "serving.knative.dev/lastModifier": "got2bex@gmail.com"
                },
                "generation": 1,
                "labels": {
                  "cloud.googleapis.com/location": "us-central1"
                },
                "namespace": "techday-pizza-store",
                "resource_version": "AAWz5HScQlc",
                "self_link": "/apis/serving.knative.dev/v1/namespaces/237318786155/services/clientfrontend",
                "uid": "d8111f26-cf37-45a6-b8cc-e735ee6846b3"
              }
            ],
            "name": "clientfrontend",
            "project": "techday-pizza-store",
            "status": [
              {
                "conditions": [
                  {
                    "message": "",
                    "reason": "",
                    "status": "True",
                    "type": "Ready"
                  },
                  {
                    "message": "",
                    "reason": "",
                    "status": "True",
                    "type": "ConfigurationsReady"
                  },
                  {
                    "message": "",
                    "reason": "",
                    "status": "True",
                    "type": "RoutesReady"
                  }
                ],
                "latest_created_revision_name": "clientfrontend-m6ch6",
                "latest_ready_revision_name": "clientfrontend-m6ch6",
                "observed_generation": 1,
                "url": "https://clientfrontend-gltxmbckva-uc.a.run.app"
              }
            ],
            "template": [
              {
                "metadata": [
                  {
                    "annotations": {
                      "autoscaling.knative.dev/maxScale": "1000"
                    },
                    "generation": 0,
                    "labels": {},
                    "name": "",
                    "namespace": "",
                    "resource_version": "",
                    "self_link": "",
                    "uid": ""
                  }
                ],
                "spec": [
                  {
                    "container_concurrency": 80,
                    "containers": [
                      {
                        "args": [],
                        "command": [],
                        "env": [
                          {
                            "name": "EVENTS_ENDPOINT",
                            "value": "https://clientssehandler-gltxmbckva-uc.a.run.app"
                          },
                          {
                            "name": "ORDERS_ENDPOINT",
                            "value": "https://clientorders-gltxmbckva-uc.a.run.app"
                          }
                        ],
                        "env_from": [],
                        "image": "gcr.io/techday-pizza-store/client-frontend",
                        "ports": [
                          {
                            "container_port": 8080,
                            "name": "",
                            "protocol": ""
                          }
                        ],
                        "resources": [
                          {
                            "limits": {
                              "cpu": "1000m",
                              "memory": "256Mi"
                            },
                            "requests": {}
                          }
                        ],
                        "working_dir": ""
                      }
                    ],
                    "service_account_name": "",
                    "serving_state": "",
                    "timeout_seconds": 300
                  }
                ]
              }
            ],
            "timeouts": null,
            "traffic": [
              {
                "latest_revision": true,
                "percent": 100,
                "revision_name": ""
              }
            ]
          },
          "private": "eyJlMmJmYjczMC1lY2FhLTExZTYtOGY4OC0zNDM2M2JjN2M0YzAiOnsiY3JlYXRlIjozNjAwMDAwMDAwMDAsImRlbGV0ZSI6MjQwMDAwMDAwMDAwLCJ1cGRhdGUiOjkwMDAwMDAwMDAwMH0sInNjaGVtYV92ZXJzaW9uIjoiMSJ9",
          "dependencies": [
            "google_cloud_run_service.clientorders",
            "google_cloud_run_service.clientssehandler",
            "google_project_service.run"
          ]
        }
      ]
    },
    {
      "mode": "managed",
      "type": "google_cloud_run_service",
      "name": "clientorders",
      "provider": "provider[\"registry.terraform.io/hashicorp/google\"]",
      "instances": [
        {
          "status": "tainted",
          "schema_version": 1,
          "attributes": {
            "autogenerate_revision_name": false,
            "id": "locations/us-central1/namespaces/techday-pizza-store/services/clientorders",
            "location": "us-central1",
            "metadata": null,
            "name": "clientorders",
            "project": null,
            "status": null,
            "template": [
              {
                "metadata": [],
                "spec": [
                  {
                    "container_concurrency": 0,
                    "containers": [
                      {
                        "args": null,
                        "command": null,
                        "env": [
                          {
                            "name": "QUARKUS_HTTP_PORT",
                            "value": "8080"
                          },
                          {
                            "name": "GCP_PUBSUB_TOPIC_PUBLISH_URL",
                            "value": "/v1/projects/techday-pizza-store/topics/pizza-store:publish"
                          },
                          {
                            "name": "QUARKUS_MONGODB_CONNECTION_STRING",
                            "value": "mongodb://googleCloundRunUser:25yjZFC0MkgF2iXv@article-shard-00-00.smmzv.mongodb.net:27017,article-shard-00-01.smmzv.mongodb.net:27017,article-shard-00-02.smmzv.mongodb.net:27017/pizzaOrder?ssl=true\u0026replicaSet=atlas-pf7b4z-shard-0\u0026authSource=admin\u0026retryWrites=true\u0026w=majority"
                          },
                          {
                            "name": "GCP_API_TOKEN",
                            "value": "ewogICJ0eXBlIjogInNlcnZpY2VfYWNjb3VudCIsCiAgInByb2plY3RfaWQiOiAidGVjaGRheS1waXp6YS1zdG9yZSIsCiAgInByaXZhdGVfa2V5X2lkIjogIjQwYmIwMjhmODMwNzE2OTNmMTFmMWZhMGJlYTMzNDBhMzdlZjg3NWUiLAogICJwcml2YXRlX2tleSI6ICItLS0tLUJFR0lOIFBSSVZBVEUgS0VZLS0tLS1cbk1JSUV2Z0lCQURBTkJna3Foa2lHOXcwQkFRRUZBQVNDQktnd2dnU2tBZ0VBQW9JQkFRQzVOWXU5b0tyMmZTMm5cbjY4Q0NHVVVXaW0zZndHbFdIMnhmT1NWMDNuVVUreDVKZGxqdk9UbWJEVU1jbnY4S0czMVY3dGVnd3VMdlNCYXVcbkV1eVdMRzZjby80UWlSa0FYTkxPdVBKeHNYbEJWbWRQM25RaFZ3LzRLYmRjZ29uRUUxR0VuR1RpQ3c4YzlrUXZcbjFxVEhJMU1ZMDE5b201UUNOM29hQThRMmtRWVZ6RGxvZTV3OWNBaHV5cGJpQ2VoRjZTSEdqWEYyWTA0REs4c3Zcbjdxa3g4cVloc2dDVzRtdGVzMFRZSTBZRkNSbURXU3VQdWlKb3RGWWhteHdVZkdVaUdJZXFGWlMyUjdneW05c3dcblRqdHArcG1EZjZodzNHUjd5RmQxSkFPL2J0bEtDYi9ZZEsrVUoxSWVrZEsvVzhZeGVUREhTSHEvRnlBcTZTOU9cbjkwK3NEWnEzQWdNQkFBRUNnZ0VBUnlyek1uK3RraC9Sem1mQnhud3RWeGNFVjJsWlVMV3NiLzdHak56NmdvQm9cblIvUkpBa3VyL2crZmpUenZaWlBnbW9lM3BkZWRXak1LUEFPYms2MHBKOW5BUTl4YWxoQVZGVWh1S1EvNE53b2JcbmtzNDVNNkoveVcxR1B5OE4veUVwUHRyVnpTSlF3V0ZFSEZuUFlaSUtXVXpIcWF1MnVROVdSTzdUaytBd1JXbFhcbjdmOEFjWk0wdVNhLys5SCs3Q0hyL25lRkVnM2ZMN0dmR2VsOFNwVE5DRXdyOGpqVjk4alIzWGhwTnRZa29IcmRcbkdKN1BRYyttQ0gvZGpzdHRTbDcyQ05TU24zWHVncUE1cGlwMUtmMXpQNHVGZE1CODJSY1RhL1lTaHJwejhjMVJcbkUraTZkbWJUMWgrRmUvUjN5NWNOTjdWN05pWE4yQnk1bkl5cjN2VGs4UUtCZ1FEZ2dqVDROZmN5TmVUUkRoRmJcbmtwdkprUzBaMFFURUp6MlB5ZmJzOGRDQlBxRHg0TTljMmI4UHN5MDBnVDNxOElaelhBWVNGMGhYU3JVY1F2bHNcblFNSGlFalpVZ1hCRlpaT1FyVm40d202S3JoaEZKWXloc2VpSUl5SHRZazJleFlSZ3JYZVZHNVBSdmtXN0JnNUVcbm93OXJWZ2pnVDcyRjBJOCtXMWs3M0tRMzd3S0JnUURUTUNaa0dpTzgxY3h3VWNmSnMrbmtzV2JGajRZbXY4RG5cbjMxYkFRK2RrRTBVUDZDSExmY2Q0NzR4ajRsSGhwT215dFNjbVRNYnkxUmNKbWVWVlk1NDZrbktZclZ2eWJ6SlFcbkZBdm05TkhWQlo4Z010Sy9vYUVrMm16aHowb2d5VFVMWkJuV2RqN01vNDh0NjY4VDgwbXd6R3FmOVdualoxanFcbjFFT1JvaXJCdVFLQmdGV2FzRkhZV2VwR1RIbytEL1pIdjZrcTl2UjZFNFFycGppV2ZOVzZHcE85YXFidjNvRjdcbjhYTXVFZFdNVml5b0M4d2UwWjNDVE80ajZVemVhTGFUTnBwWjhXZGxkNGF1aFliTDRwdU1uNU8zY0QrbFlxc2dcbjZCWkl0eDRKdHFrTWpUNUR4bTRQZHR5cDNYTERpMXMyaGFHYXk0V2tRaEt0QklGMVdXQU84SHIzQW9HQkFLQkJcbjlhQVl4ZTNTUCtVcjZmUUI5d2Q0SjRqYnRPMUtyZFJIQXNtN3ZhZVBoK1RlUG1idzk2R3FCbHIxcnpVUHM5Zk1cbjUveUVYcVIvVjVBTm5KNERqbHJjTHVIMUM4VVk1SkVuNVRCSnI4RjdGcG1VZDZDN3dsRDQvNDhMZ2pFRy9wMjZcblJIRWVJZUdnYkZKb2V0OGt5MUxDakZiK0lIQlVTSUZLdWt1VlIrVGhBb0dCQUlKZTF5bnVuRS8veDFMdThyRjFcbkRqT2Y0cUhuNE14YmoyaklXdWo4SWQ2VFRkc0h4QkFrVzNTUUVTeUlDM3hlUFYzNjltRC9ybGZTbTZncXBvT1hcbks2UUhBVjJLUW1ScVpUZm1HdWg0OUp0ZS9ndmVmM2w4UVhsRmZtd2g2MzVoUXY0ZzJPV0RNQVBzS2Z0VStKckhcbkhsMHZId0ZiQ1NGZWtvZ3R5Y0RqV0dIRFxuLS0tLS1FTkQgUFJJVkFURSBLRVktLS0tLVxuIiwKICAiY2xpZW50X2VtYWlsIjogIjIzNzMxODc4NjE1NS1jb21wdXRlQGRldmVsb3Blci5nc2VydmljZWFjY291bnQuY29tIiwKICAiY2xpZW50X2lkIjogIjEwOTA4Mjc5NDQ5MTA4NjQyMzgwNyIsCiAgImF1dGhfdXJpIjogImh0dHBzOi8vYWNjb3VudHMuZ29vZ2xlLmNvbS9vL29hdXRoMi9hdXRoIiwKICAidG9rZW5fdXJpIjogImh0dHBzOi8vb2F1dGgyLmdvb2dsZWFwaXMuY29tL3Rva2VuIiwKICAiYXV0aF9wcm92aWRlcl94NTA5X2NlcnRfdXJsIjogImh0dHBzOi8vd3d3Lmdvb2dsZWFwaXMuY29tL29hdXRoMi92MS9jZXJ0cyIsCiAgImNsaWVudF94NTA5X2NlcnRfdXJsIjogImh0dHBzOi8vd3d3Lmdvb2dsZWFwaXMuY29tL3JvYm90L3YxL21ldGFkYXRhL3g1MDkvMjM3MzE4Nzg2MTU1LWNvbXB1dGUlNDBkZXZlbG9wZXIuZ3NlcnZpY2VhY2NvdW50LmNvbSIKfQo="
                          }
                        ],
                        "env_from": [],
                        "image": "gcr.io/techday-pizza-store/client-orders",
                        "ports": [],
                        "resources": [],
                        "working_dir": ""
                      }
                    ],
                    "service_account_name": "",
                    "serving_state": "",
                    "timeout_seconds": 0
                  }
                ]
              }
            ],
            "timeouts": null,
            "traffic": [
              {
                "latest_revision": true,
                "percent": 100,
                "revision_name": ""
              }
            ]
          },
          "private": "eyJlMmJmYjczMC1lY2FhLTExZTYtOGY4OC0zNDM2M2JjN2M0YzAiOnsiY3JlYXRlIjozNjAwMDAwMDAwMDAsImRlbGV0ZSI6MjQwMDAwMDAwMDAwLCJ1cGRhdGUiOjkwMDAwMDAwMDAwMH0sInNjaGVtYV92ZXJzaW9uIjoiMSJ9",
          "dependencies": [
            "google_project_service.run"
          ]
        }
      ]
    },
    {
      "mode": "managed",
      "type": "google_cloud_run_service",
      "name": "clientssehandler",
      "provider": "provider[\"registry.terraform.io/hashicorp/google\"]",
      "instances": [
        {
          "schema_version": 1,
          "attributes": {
            "autogenerate_revision_name": false,
            "id": "locations/us-central1/namespaces/techday-pizza-store/services/clientssehandler",
            "location": "us-central1",
            "metadata": [
              {
                "annotations": {
                  "serving.knative.dev/creator": "got2bex@gmail.com",
                  "serving.knative.dev/lastModifier": "got2bex@gmail.com"
                },
                "generation": 1,
                "labels": {
                  "cloud.googleapis.com/location": "us-central1"
                },
                "namespace": "techday-pizza-store",
                "resource_version": "AAWz5HO2QYc",
                "self_link": "/apis/serving.knative.dev/v1/namespaces/237318786155/services/clientssehandler",
                "uid": "fda3f8c5-2277-446a-bfe9-e579e254b2b4"
              }
            ],
            "name": "clientssehandler",
            "project": "techday-pizza-store",
            "status": [
              {
                "conditions": [
                  {
                    "message": "",
                    "reason": "",
                    "status": "True",
                    "type": "Ready"
                  },
                  {
                    "message": "",
                    "reason": "",
                    "status": "True",
                    "type": "ConfigurationsReady"
                  },
                  {
                    "message": "",
                    "reason": "",
                    "status": "True",
                    "type": "RoutesReady"
                  }
                ],
                "latest_created_revision_name": "clientssehandler-rjtq9",
                "latest_ready_revision_name": "clientssehandler-rjtq9",
                "observed_generation": 1,
                "url": "https://clientssehandler-gltxmbckva-uc.a.run.app"
              }
            ],
            "template": [
              {
                "metadata": [
                  {
                    "annotations": {
                      "autoscaling.knative.dev/maxScale": "1000"
                    },
                    "generation": 0,
                    "labels": {},
                    "name": "",
                    "namespace": "",
                    "resource_version": "",
                    "self_link": "",
                    "uid": ""
                  }
                ],
                "spec": [
                  {
                    "container_concurrency": 80,
                    "containers": [
                      {
                        "args": [],
                        "command": [],
                        "env": [],
                        "env_from": [],
                        "image": "gcr.io/techday-pizza-store/client-sse-handler",
                        "ports": [
                          {
                            "container_port": 8080,
                            "name": "",
                            "protocol": ""
                          }
                        ],
                        "resources": [
                          {
                            "limits": {
                              "cpu": "1000m",
                              "memory": "256Mi"
                            },
                            "requests": {}
                          }
                        ],
                        "working_dir": ""
                      }
                    ],
                    "service_account_name": "",
                    "serving_state": "",
                    "timeout_seconds": 300
                  }
                ]
              }
            ],
            "timeouts": null,
            "traffic": [
              {
                "latest_revision": true,
                "percent": 100,
                "revision_name": ""
              }
            ]
          },
          "private": "eyJlMmJmYjczMC1lY2FhLTExZTYtOGY4OC0zNDM2M2JjN2M0YzAiOnsiY3JlYXRlIjozNjAwMDAwMDAwMDAsImRlbGV0ZSI6MjQwMDAwMDAwMDAwLCJ1cGRhdGUiOjkwMDAwMDAwMDAwMH0sInNjaGVtYV92ZXJzaW9uIjoiMSJ9",
          "dependencies": [
            "google_project_service.run"
          ]
        }
      ]
    },
    {
      "mode": "managed",
      "type": "google_cloud_run_service",
      "name": "manager",
      "provider": "provider[\"registry.terraform.io/hashicorp/google\"]",
      "instances": [
        {
          "schema_version": 1,
          "attributes": {
            "autogenerate_revision_name": false,
            "id": "locations/us-central1/namespaces/techday-pizza-store/services/manager",
            "location": "us-central1",
            "metadata": [
              {
                "annotations": {
                  "serving.knative.dev/creator": "got2bex@gmail.com",
                  "serving.knative.dev/lastModifier": "got2bex@gmail.com"
                },
                "generation": 1,
                "labels": {
                  "cloud.googleapis.com/location": "us-central1"
                },
                "namespace": "techday-pizza-store",
                "resource_version": "AAWz5HPR3Zo",
                "self_link": "/apis/serving.knative.dev/v1/namespaces/237318786155/services/manager",
                "uid": "08693cbb-8f16-4e4c-8e0f-b5fce1c36df0"
              }
            ],
            "name": "manager",
            "project": "techday-pizza-store",
            "status": [
              {
                "conditions": [
                  {
                    "message": "",
                    "reason": "",
                    "status": "True",
                    "type": "Ready"
                  },
                  {
                    "message": "",
                    "reason": "",
                    "status": "True",
                    "type": "ConfigurationsReady"
                  },
                  {
                    "message": "",
                    "reason": "",
                    "status": "True",
                    "type": "RoutesReady"
                  }
                ],
                "latest_created_revision_name": "manager-v9wgv",
                "latest_ready_revision_name": "manager-v9wgv",
                "observed_generation": 1,
                "url": "https://manager-gltxmbckva-uc.a.run.app"
              }
            ],
            "template": [
              {
                "metadata": [
                  {
                    "annotations": {
                      "autoscaling.knative.dev/maxScale": "1000"
                    },
                    "generation": 0,
                    "labels": {},
                    "name": "",
                    "namespace": "",
                    "resource_version": "",
                    "self_link": "",
                    "uid": ""
                  }
                ],
                "spec": [
                  {
                    "container_concurrency": 80,
                    "containers": [
                      {
                        "args": [],
                        "command": [],
                        "env": [
                          {
                            "name": "QUARKUS_HTTP_PORT",
                            "value": "8080"
                          },
                          {
                            "name": "QUARKUS_MONGODB_CONNECTION_STRING",
                            "value": "mongodb://googleCloundRunUser:25yjZFC0MkgF2iXv@article-shard-00-00.smmzv.mongodb.net:27017,article-shard-00-01.smmzv.mongodb.net:27017,article-shard-00-02.smmzv.mongodb.net:27017/pizzaOrder?ssl=true\u0026replicaSet=atlas-pf7b4z-shard-0\u0026authSource=admin\u0026retryWrites=true\u0026w=majority"
                          },
                          {
                            "name": "GCP_PUBSUB_TOPIC_PUBLISH_URL",
                            "value": "/v1/projects/techday-pizza-store/topics/pizza-store:publish"
                          },
                          {
                            "name": "GCP_API_TOKEN",
                            "value": "ya29.A0AfH6SMA5AyBL9J1RiPtBZt0LUR-Chx9lIe7XRfpCQAf5E4P2CEyg1A7A84T1zRC2xdPc-Rb6RQvYeR0x2gQJ6epJK9iZaG5eWAq47HraLx7aowG3uZBB2MtJle82VFwtNR2MdMhp9LQGf6AwGBPhQ3E23wa6ZKfmptS7oKSr6Bf8"
                          }
                        ],
                        "env_from": [],
                        "image": "gcr.io/techday-pizza-store/manager-service",
                        "ports": [
                          {
                            "container_port": 8080,
                            "name": "",
                            "protocol": ""
                          }
                        ],
                        "resources": [
                          {
                            "limits": {
                              "cpu": "1000m",
                              "memory": "256Mi"
                            },
                            "requests": {}
                          }
                        ],
                        "working_dir": ""
                      }
                    ],
                    "service_account_name": "",
                    "serving_state": "",
                    "timeout_seconds": 300
                  }
                ]
              }
            ],
            "timeouts": null,
            "traffic": [
              {
                "latest_revision": true,
                "percent": 100,
                "revision_name": ""
              }
            ]
          },
          "private": "eyJlMmJmYjczMC1lY2FhLTExZTYtOGY4OC0zNDM2M2JjN2M0YzAiOnsiY3JlYXRlIjozNjAwMDAwMDAwMDAsImRlbGV0ZSI6MjQwMDAwMDAwMDAwLCJ1cGRhdGUiOjkwMDAwMDAwMDAwMH0sInNjaGVtYV92ZXJzaW9uIjoiMSJ9",
          "dependencies": [
            "google_project_service.run"
          ]
        }
      ]
    },
    {
      "mode": "managed",
      "type": "google_cloud_run_service",
      "name": "managerfrontend",
      "provider": "provider[\"registry.terraform.io/hashicorp/google\"]",
      "instances": [
        {
          "schema_version": 1,
          "attributes": {
            "autogenerate_revision_name": false,
            "id": "locations/us-central1/namespaces/techday-pizza-store/services/managerfrontend",
            "location": "us-central1",
            "metadata": [
              {
                "annotations": {
                  "serving.knative.dev/creator": "got2bex@gmail.com",
                  "serving.knative.dev/lastModifier": "got2bex@gmail.com"
                },
                "generation": 1,
                "labels": {
                  "cloud.googleapis.com/location": "us-central1"
                },
                "namespace": "techday-pizza-store",
                "resource_version": "AAWz5HS3F4o",
                "self_link": "/apis/serving.knative.dev/v1/namespaces/237318786155/services/managerfrontend",
                "uid": "5c471038-a763-4658-9aa2-0029d0e2c8b5"
              }
            ],
            "name": "managerfrontend",
            "project": "techday-pizza-store",
            "status": [
              {
                "conditions": [
                  {
                    "message": "",
                    "reason": "",
                    "status": "True",
                    "type": "Ready"
                  },
                  {
                    "message": "",
                    "reason": "",
                    "status": "True",
                    "type": "ConfigurationsReady"
                  },
                  {
                    "message": "",
                    "reason": "",
                    "status": "True",
                    "type": "RoutesReady"
                  }
                ],
                "latest_created_revision_name": "managerfrontend-nzbvk",
                "latest_ready_revision_name": "managerfrontend-nzbvk",
                "observed_generation": 1,
                "url": "https://managerfrontend-gltxmbckva-uc.a.run.app"
              }
            ],
            "template": [
              {
                "metadata": [
                  {
                    "annotations": {
                      "autoscaling.knative.dev/maxScale": "1000"
                    },
                    "generation": 0,
                    "labels": {},
                    "name": "",
                    "namespace": "",
                    "resource_version": "",
                    "self_link": "",
                    "uid": ""
                  }
                ],
                "spec": [
                  {
                    "container_concurrency": 80,
                    "containers": [
                      {
                        "args": [],
                        "command": [],
                        "env": [
                          {
                            "name": "ORDERS_ENDPOINT",
                            "value": "https://manager-gltxmbckva-uc.a.run.app"
                          }
                        ],
                        "env_from": [],
                        "image": "gcr.io/techday-pizza-store/manager-frontend",
                        "ports": [
                          {
                            "container_port": 8080,
                            "name": "",
                            "protocol": ""
                          }
                        ],
                        "resources": [
                          {
                            "limits": {
                              "cpu": "1000m",
                              "memory": "256Mi"
                            },
                            "requests": {}
                          }
                        ],
                        "working_dir": ""
                      }
                    ],
                    "service_account_name": "",
                    "serving_state": "",
                    "timeout_seconds": 300
                  }
                ]
              }
            ],
            "timeouts": null,
            "traffic": [
              {
                "latest_revision": true,
                "percent": 100,
                "revision_name": ""
              }
            ]
          },
          "private": "eyJlMmJmYjczMC1lY2FhLTExZTYtOGY4OC0zNDM2M2JjN2M0YzAiOnsiY3JlYXRlIjozNjAwMDAwMDAwMDAsImRlbGV0ZSI6MjQwMDAwMDAwMDAwLCJ1cGRhdGUiOjkwMDAwMDAwMDAwMH0sInNjaGVtYV92ZXJzaW9uIjoiMSJ9",
          "dependencies": [
            "google_cloud_run_service.manager",
            "google_project_service.run"
          ]
        }
      ]
    },
    {
      "mode": "managed",
      "type": "google_cloud_run_service",
      "name": "orders",
      "provider": "provider[\"registry.terraform.io/hashicorp/google\"]",
      "instances": [
        {
          "schema_version": 1,
          "attributes": {
            "autogenerate_revision_name": false,
            "id": "locations/us-central1/namespaces/techday-pizza-store/services/orders",
            "location": "us-central1",
            "metadata": [
              {
                "annotations": {
                  "serving.knative.dev/creator": "got2bex@gmail.com",
                  "serving.knative.dev/lastModifier": "got2bex@gmail.com"
                },
                "generation": 1,
                "labels": {
                  "cloud.googleapis.com/location": "us-central1"
                },
                "namespace": "techday-pizza-store",
                "resource_version": "AAWz5HPClR0",
                "self_link": "/apis/serving.knative.dev/v1/namespaces/237318786155/services/orders",
                "uid": "7eeb20f5-7a33-4cd3-9633-5182f69eedfb"
              }
            ],
            "name": "orders",
            "project": "techday-pizza-store",
            "status": [
              {
                "conditions": [
                  {
                    "message": "",
                    "reason": "",
                    "status": "True",
                    "type": "Ready"
                  },
                  {
                    "message": "",
                    "reason": "",
                    "status": "True",
                    "type": "ConfigurationsReady"
                  },
                  {
                    "message": "",
                    "reason": "",
                    "status": "True",
                    "type": "RoutesReady"
                  }
                ],
                "latest_created_revision_name": "orders-wzgjd",
                "latest_ready_revision_name": "orders-wzgjd",
                "observed_generation": 1,
                "url": "https://orders-gltxmbckva-uc.a.run.app"
              }
            ],
            "template": [
              {
                "metadata": [
                  {
                    "annotations": {
                      "autoscaling.knative.dev/maxScale": "1000"
                    },
                    "generation": 0,
                    "labels": {},
                    "name": "",
                    "namespace": "",
                    "resource_version": "",
                    "self_link": "",
                    "uid": ""
                  }
                ],
                "spec": [
                  {
                    "container_concurrency": 80,
                    "containers": [
                      {
                        "args": [],
                        "command": [],
                        "env": [
                          {
                            "name": "QUARKUS_HTTP_PORT",
                            "value": "8080"
                          },
                          {
                            "name": "QUARKUS_MONGODB_CONNECTION_STRING",
                            "value": "mongodb://googleCloundRunUser:25yjZFC0MkgF2iXv@article-shard-00-00.smmzv.mongodb.net:27017,article-shard-00-01.smmzv.mongodb.net:27017,article-shard-00-02.smmzv.mongodb.net:27017/pizzaOrder?ssl=true\u0026replicaSet=atlas-pf7b4z-shard-0\u0026authSource=admin\u0026retryWrites=true\u0026w=majority"
                          },
                          {
                            "name": "GCP_PUBSUB_TOPIC_PUBLISH_URL",
                            "value": "/v1/projects/techday-pizza-store/topics/pizza-store:publish"
                          },
                          {
                            "name": "GCP_API_TOKEN",
                            "value": "ya29.A0AfH6SMA5AyBL9J1RiPtBZt0LUR-Chx9lIe7XRfpCQAf5E4P2CEyg1A7A84T1zRC2xdPc-Rb6RQvYeR0x2gQJ6epJK9iZaG5eWAq47HraLx7aowG3uZBB2MtJle82VFwtNR2MdMhp9LQGf6AwGBPhQ3E23wa6ZKfmptS7oKSr6Bf8"
                          }
                        ],
                        "env_from": [],
                        "image": "gcr.io/techday-pizza-store/orders-service",
                        "ports": [
                          {
                            "container_port": 8080,
                            "name": "",
                            "protocol": ""
                          }
                        ],
                        "resources": [
                          {
                            "limits": {
                              "cpu": "1000m",
                              "memory": "256Mi"
                            },
                            "requests": {}
                          }
                        ],
                        "working_dir": ""
                      }
                    ],
                    "service_account_name": "",
                    "serving_state": "",
                    "timeout_seconds": 300
                  }
                ]
              }
            ],
            "timeouts": null,
            "traffic": [
              {
                "latest_revision": true,
                "percent": 100,
                "revision_name": ""
              }
            ]
          },
          "private": "eyJlMmJmYjczMC1lY2FhLTExZTYtOGY4OC0zNDM2M2JjN2M0YzAiOnsiY3JlYXRlIjozNjAwMDAwMDAwMDAsImRlbGV0ZSI6MjQwMDAwMDAwMDAwLCJ1cGRhdGUiOjkwMDAwMDAwMDAwMH0sInNjaGVtYV92ZXJzaW9uIjoiMSJ9",
          "dependencies": [
            "google_project_service.run"
          ]
        }
      ]
    },
    {
      "mode": "managed",
      "type": "google_cloud_run_service_iam_binding",
      "name": "auth_client_frontend",
      "provider": "provider[\"registry.terraform.io/hashicorp/google\"]",
      "instances": [
        {
          "schema_version": 0,
          "attributes": {
            "condition": [],
            "etag": "BwWz5HTWh4Y=",
            "id": "v1/projects/techday-pizza-store/locations/us-central1/services/clientfrontend/roles/run.invoker",
            "location": "us-central1",
            "members": [
              "allUsers"
            ],
            "project": "techday-pizza-store",
            "role": "roles/run.invoker",
            "service": "v1/projects/techday-pizza-store/locations/us-central1/services/clientfrontend"
          },
          "private": "bnVsbA==",
          "dependencies": [
            "google_cloud_run_service.clientfrontend",
            "google_cloud_run_service.clientorders",
            "google_cloud_run_service.clientssehandler",
            "google_project_service.run"
          ]
        }
      ]
    },
    {
      "mode": "managed",
      "type": "google_cloud_run_service_iam_binding",
      "name": "auth_client_sse_handler",
      "provider": "provider[\"registry.terraform.io/hashicorp/google\"]",
      "instances": [
        {
          "schema_version": 0,
          "attributes": {
            "condition": [],
            "etag": "BwWz5HRCbeM=",
            "id": "v1/projects/techday-pizza-store/locations/us-central1/services/clientssehandler/roles/run.invoker",
            "location": "us-central1",
            "members": [
              "allUsers"
            ],
            "project": "techday-pizza-store",
            "role": "roles/run.invoker",
            "service": "v1/projects/techday-pizza-store/locations/us-central1/services/clientssehandler"
          },
          "private": "bnVsbA==",
          "dependencies": [
            "google_cloud_run_service.clientssehandler",
            "google_project_service.run"
          ]
        }
      ]
    },
    {
      "mode": "managed",
      "type": "google_cloud_run_service_iam_binding",
      "name": "auth_manager_frontend",
      "provider": "provider[\"registry.terraform.io/hashicorp/google\"]",
      "instances": [
        {
          "schema_version": 0,
          "attributes": {
            "condition": [],
            "etag": "BwWz5HTXFtM=",
            "id": "v1/projects/techday-pizza-store/locations/us-central1/services/managerfrontend/roles/run.invoker",
            "location": "us-central1",
            "members": [
              "allUsers"
            ],
            "project": "techday-pizza-store",
            "role": "roles/run.invoker",
            "service": "v1/projects/techday-pizza-store/locations/us-central1/services/managerfrontend"
          },
          "private": "bnVsbA==",
          "dependencies": [
            "google_cloud_run_service.manager",
            "google_cloud_run_service.managerfrontend",
            "google_project_service.run"
          ]
        }
      ]
    },
    {
      "mode": "managed",
      "type": "google_cloud_run_service_iam_binding",
      "name": "auth_manager_service",
      "provider": "provider[\"registry.terraform.io/hashicorp/google\"]",
      "instances": [
        {
          "schema_version": 0,
          "attributes": {
            "condition": [],
            "etag": "BwWz5HRCXxE=",
            "id": "v1/projects/techday-pizza-store/locations/us-central1/services/manager/roles/run.invoker",
            "location": "us-central1",
            "members": [
              "allUsers"
            ],
            "project": "techday-pizza-store",
            "role": "roles/run.invoker",
            "service": "v1/projects/techday-pizza-store/locations/us-central1/services/manager"
          },
          "private": "bnVsbA==",
          "dependencies": [
            "google_cloud_run_service.manager",
            "google_project_service.run"
          ]
        }
      ]
    },
    {
      "mode": "managed",
      "type": "google_cloud_run_service_iam_binding",
      "name": "auth_orders",
      "provider": "provider[\"registry.terraform.io/hashicorp/google\"]",
      "instances": [
        {
          "schema_version": 0,
          "attributes": {
            "condition": [],
            "etag": "BwWz5HQ953g=",
            "id": "v1/projects/techday-pizza-store/locations/us-central1/services/orders/roles/run.invoker",
            "location": "us-central1",
            "members": [
              "allUsers"
            ],
            "project": "techday-pizza-store",
            "role": "roles/run.invoker",
            "service": "v1/projects/techday-pizza-store/locations/us-central1/services/orders"
          },
          "private": "bnVsbA==",
          "dependencies": [
            "google_cloud_run_service.orders",
            "google_project_service.run"
          ]
        }
      ]
    },
    {
      "mode": "managed",
      "type": "google_project_service",
      "name": "run",
      "provider": "provider[\"registry.terraform.io/hashicorp/google\"]",
      "instances": [
        {
          "schema_version": 0,
          "attributes": {
            "disable_dependent_services": null,
            "disable_on_destroy": true,
            "id": "techday-pizza-store/run.googleapis.com",
            "project": "techday-pizza-store",
            "service": "run.googleapis.com",
            "timeouts": null
          },
          "private": "eyJlMmJmYjczMC1lY2FhLTExZTYtOGY4OC0zNDM2M2JjN2M0YzAiOnsiY3JlYXRlIjoxMjAwMDAwMDAwMDAwLCJkZWxldGUiOjEyMDAwMDAwMDAwMDAsInJlYWQiOjYwMDAwMDAwMDAwMCwidXBkYXRlIjoxMjAwMDAwMDAwMDAwfX0="
        }
      ]
    },
    {
      "mode": "managed",
      "type": "google_pubsub_subscription",
      "name": "pizza-store-push-sub",
      "provider": "provider[\"registry.terraform.io/hashicorp/google\"]",
      "instances": [
        {
          "schema_version": 0,
          "attributes": {
            "ack_deadline_seconds": 20,
            "dead_letter_policy": [],
            "enable_message_ordering": false,
            "expiration_policy": [
              {
                "ttl": "2678400s"
              }
            ],
            "filter": "attributes.eventId = \"PIZZA_ORDER_REQUEST\" OR attributes.eventId = \"PIZZA_PREPARED_REQUEST\" OR attributes.eventId = \"PIZZA_BAKED_REQUEST\" OR attributes.eventId = \"PIZZA_LEFT_STORE_REQUEST\" OR attributes.eventId = \"PIZZA_DELIVERED_REQUEST\"",
            "id": "projects/techday-pizza-store/subscriptions/pizza-store-push-sub",
            "labels": {},
            "message_retention_duration": "604800s",
            "name": "pizza-store-push-sub",
            "path": "projects/techday-pizza-store/subscriptions/pizza-store-push-sub",
            "project": "techday-pizza-store",
            "push_config": [
              {
                "attributes": {},
                "oidc_token": [],
                "push_endpoint": "https://orders-gltxmbckva-uc.a.run.app/orders"
              }
            ],
            "retain_acked_messages": false,
            "retry_policy": [
              {
                "maximum_backoff": "600s",
                "minimum_backoff": "10s"
              }
            ],
            "timeouts": null,
            "topic": "projects/techday-pizza-store/topics/pizza-store"
          },
          "private": "eyJlMmJmYjczMC1lY2FhLTExZTYtOGY4OC0zNDM2M2JjN2M0YzAiOnsiY3JlYXRlIjozNjAwMDAwMDAwMDAsImRlbGV0ZSI6MjQwMDAwMDAwMDAwLCJ1cGRhdGUiOjM2MDAwMDAwMDAwMH19",
          "dependencies": [
            "google_cloud_run_service.orders",
            "google_project_service.run",
            "google_pubsub_topic.pizza-store"
          ]
        }
      ]
    },
    {
      "mode": "managed",
      "type": "google_pubsub_topic",
      "name": "pizza-store",
      "provider": "provider[\"registry.terraform.io/hashicorp/google\"]",
      "instances": [
        {
          "schema_version": 0,
          "attributes": {
            "id": "projects/techday-pizza-store/topics/pizza-store",
            "kms_key_name": "",
            "labels": {},
            "message_storage_policy": [],
            "name": "pizza-store",
            "project": "techday-pizza-store",
            "timeouts": null
          },
          "private": "eyJlMmJmYjczMC1lY2FhLTExZTYtOGY4OC0zNDM2M2JjN2M0YzAiOnsiY3JlYXRlIjozNjAwMDAwMDAwMDAsImRlbGV0ZSI6MjQwMDAwMDAwMDAwLCJ1cGRhdGUiOjM2MDAwMDAwMDAwMH19"
        }
      ]
    }
  ]
}
