{
  "version": 4,
  "terraform_version": "0.13.5",
  "serial": 85,
  "lineage": "1f6c8736-5375-d711-f462-e582d6508221",
  "outputs": {
    "client_front_end_url": {
      "value": "https://clientfrontend-gltxmbckva-uc.a.run.app",
      "type": "string"
    },
    "manager_front_end_url": {
      "value": "https://managerfrontend-gltxmbckva-uc.a.run.app",
      "type": "string"
    }
  },
  "resources": [
    {
      "mode": "managed",
      "type": "google_cloud_run_domain_mapping",
      "name": "orders_maximedavid",
      "provider": "provider[\"registry.terraform.io/hashicorp/google\"]",
      "instances": [
        {
          "schema_version": 0,
          "attributes": {
            "id": "locations/us-central1/namespaces/techday-pizza-store/domainmappings/orders.maximedavid.fr",
            "location": "us-central1",
            "metadata": [
              {
                "annotations": {
                  "run.googleapis.com/launch-stage": "BETA",
                  "serving.knative.dev/creator": "got2bex@gmail.com",
                  "serving.knative.dev/lastModifier": "got2bex@gmail.com"
                },
                "generation": 1,
                "labels": {
                  "cloud.googleapis.com/location": "us-central1",
                  "run.googleapis.com/overrideAt": "2020-11-12T07:57:04.372Z"
                },
                "namespace": "techday-pizza-store",
                "resource_version": "AAWz5EIEWHs",
                "self_link": "/apis/domains.cloudrun.com/v1/namespaces/237318786155/domainmappings/orders.maximedavid.fr",
                "uid": "bc9e0d47-9581-4c8a-a063-cd3b58cd7539"
              }
            ],
            "name": "orders.maximedavid.fr",
            "project": "techday-pizza-store",
            "spec": [
              {
                "certificate_mode": "AUTOMATIC",
                "force_override": false,
                "route_name": "managerfrontend"
              }
            ],
            "status": [
              {
                "conditions": [
                  {
                    "message": "Waiting for certificate provisioning. You must configure your DNS records for certificate issuance to begin.",
                    "reason": "CertificatePending",
                    "status": "Unknown",
                    "type": "Ready"
                  },
                  {
                    "message": "",
                    "reason": "",
                    "status": "Unknown",
                    "type": "CertificateProvisioned"
                  },
                  {
                    "message": "",
                    "reason": "",
                    "status": "True",
                    "type": "DomainRoutable"
                  },
                  {
                    "message": "System will retry after 0:01:00 from lastTransitionTime for attempt 1.",
                    "reason": "WaitingForOperation",
                    "status": "True",
                    "type": "Retry"
                  }
                ],
                "mapped_route_name": "managerfrontend",
                "observed_generation": 1,
                "resource_records": [
                  {
                    "name": "",
                    "rrdata": "216.239.32.21",
                    "type": "A"
                  },
                  {
                    "name": "",
                    "rrdata": "216.239.34.21",
                    "type": "A"
                  },
                  {
                    "name": "",
                    "rrdata": "216.239.36.21",
                    "type": "A"
                  },
                  {
                    "name": "",
                    "rrdata": "216.239.38.21",
                    "type": "A"
                  },
                  {
                    "name": "",
                    "rrdata": "2001:4860:4802:32::15",
                    "type": "AAAA"
                  },
                  {
                    "name": "",
                    "rrdata": "2001:4860:4802:34::15",
                    "type": "AAAA"
                  },
                  {
                    "name": "",
                    "rrdata": "2001:4860:4802:36::15",
                    "type": "AAAA"
                  },
                  {
                    "name": "",
                    "rrdata": "2001:4860:4802:38::15",
                    "type": "AAAA"
                  }
                ]
              }
            ],
            "timeouts": null
          },
          "private": "eyJlMmJmYjczMC1lY2FhLTExZTYtOGY4OC0zNDM2M2JjN2M0YzAiOnsiY3JlYXRlIjozNjAwMDAwMDAwMDAsImRlbGV0ZSI6MjQwMDAwMDAwMDAwfX0=",
          "dependencies": [
            "google_cloud_run_service.managerfrontend"
          ]
        }
      ]
    },
    {
      "mode": "managed",
      "type": "google_cloud_run_domain_mapping",
      "name": "pizza_maximedavid",
      "provider": "provider[\"registry.terraform.io/hashicorp/google\"]",
      "instances": [
        {
          "status": "tainted",
          "schema_version": 0,
          "attributes": {
            "id": "locations/us-central1/namespaces/techday-pizza-store/domainmappings/pizza.maximedavid.fr",
            "location": "us-central1",
            "metadata": [
              {
                "annotations": {
                  "run.googleapis.com/launch-stage": "BETA"
                },
                "generation": 0,
                "labels": {},
                "namespace": "techday-pizza-store",
                "resource_version": "",
                "self_link": "",
                "uid": ""
              }
            ],
            "name": "pizza.maximedavid.fr",
            "project": null,
            "spec": [
              {
                "certificate_mode": "AUTOMATIC",
                "force_override": false,
                "route_name": "clientfrontend"
              }
            ],
            "status": null,
            "timeouts": null
          },
          "private": "eyJlMmJmYjczMC1lY2FhLTExZTYtOGY4OC0zNDM2M2JjN2M0YzAiOnsiY3JlYXRlIjozNjAwMDAwMDAwMDAsImRlbGV0ZSI6MjQwMDAwMDAwMDAwfX0=",
          "dependencies": [
            "google_cloud_run_service.clientfrontend",
            "google_cloud_run_service.clientorders",
            "google_cloud_run_service.clientssehandler",
            "google_project_service.run"
          ]
        }
      ]
    },
    {
      "mode": "managed",
      "type": "google_cloud_run_service",
      "name": "clientfrontend",
      "provider": "provider[\"registry.terraform.io/hashicorp/google\"]",
      "instances": [
        {
          "schema_version": 1,
          "attributes": {
            "autogenerate_revision_name": false,
            "id": "locations/us-central1/namespaces/techday-pizza-store/services/clientfrontend",
            "location": "us-central1",
            "metadata": [
              {
                "annotations": {
                  "serving.knative.dev/creator": "got2bex@gmail.com",
                  "serving.knative.dev/lastModifier": "got2bex@gmail.com"
                },
                "generation": 1,
                "labels": {
                  "cloud.googleapis.com/location": "us-central1"
                },
                "namespace": "techday-pizza-store",
                "resource_version": "AAWz5B3a+Fs",
                "self_link": "/apis/serving.knative.dev/v1/namespaces/237318786155/services/clientfrontend",
                "uid": "655aa517-086c-4dbc-83f0-03424c7b29bd"
              }
            ],
            "name": "clientfrontend",
            "project": "techday-pizza-store",
            "status": [
              {
                "conditions": [
                  {
                    "message": "",
                    "reason": "",
                    "status": "True",
                    "type": "Ready"
                  },
                  {
                    "message": "",
                    "reason": "",
                    "status": "True",
                    "type": "ConfigurationsReady"
                  },
                  {
                    "message": "",
                    "reason": "",
                    "status": "True",
                    "type": "RoutesReady"
                  }
                ],
                "latest_created_revision_name": "clientfrontend-ctwm9",
                "latest_ready_revision_name": "clientfrontend-ctwm9",
                "observed_generation": 1,
                "url": "https://clientfrontend-gltxmbckva-uc.a.run.app"
              }
            ],
            "template": [
              {
                "metadata": [
                  {
                    "annotations": {
                      "autoscaling.knative.dev/maxScale": "1000"
                    },
                    "generation": 0,
                    "labels": {},
                    "name": "",
                    "namespace": "",
                    "resource_version": "",
                    "self_link": "",
                    "uid": ""
                  }
                ],
                "spec": [
                  {
                    "container_concurrency": 80,
                    "containers": [
                      {
                        "args": [],
                        "command": [],
                        "env": [
                          {
                            "name": "EVENTS_ENDPOINT",
                            "value": "https://clientssehandler-gltxmbckva-uc.a.run.app"
                          },
                          {
                            "name": "ORDERS_ENDPOINT",
                            "value": "https://clientorders-gltxmbckva-uc.a.run.app"
                          }
                        ],
                        "env_from": [],
                        "image": "gcr.io/techday-pizza-store/client-frontend",
                        "ports": [
                          {
                            "container_port": 8080,
                            "name": "",
                            "protocol": ""
                          }
                        ],
                        "resources": [
                          {
                            "limits": {
                              "cpu": "1000m",
                              "memory": "256Mi"
                            },
                            "requests": {}
                          }
                        ],
                        "working_dir": ""
                      }
                    ],
                    "service_account_name": "",
                    "serving_state": "",
                    "timeout_seconds": 300
                  }
                ]
              }
            ],
            "timeouts": null,
            "traffic": [
              {
                "latest_revision": true,
                "percent": 100,
                "revision_name": ""
              }
            ]
          },
          "private": "eyJlMmJmYjczMC1lY2FhLTExZTYtOGY4OC0zNDM2M2JjN2M0YzAiOnsiY3JlYXRlIjozNjAwMDAwMDAwMDAsImRlbGV0ZSI6MjQwMDAwMDAwMDAwLCJ1cGRhdGUiOjkwMDAwMDAwMDAwMH0sInNjaGVtYV92ZXJzaW9uIjoiMSJ9",
          "dependencies": [
            "google_cloud_run_service.clientorders",
            "google_cloud_run_service.clientssehandler",
            "google_project_service.run"
          ]
        }
      ]
    },
    {
      "mode": "managed",
      "type": "google_cloud_run_service",
      "name": "clientorders",
      "provider": "provider[\"registry.terraform.io/hashicorp/google\"]",
      "instances": [
        {
          "schema_version": 1,
          "attributes": {
            "autogenerate_revision_name": false,
            "id": "locations/us-central1/namespaces/techday-pizza-store/services/clientorders",
            "location": "us-central1",
            "metadata": [
              {
                "annotations": {
                  "serving.knative.dev/creator": "got2bex@gmail.com",
                  "serving.knative.dev/lastModifier": "got2bex@gmail.com"
                },
                "generation": 1,
                "labels": {
                  "cloud.googleapis.com/location": "us-central1"
                },
                "namespace": "techday-pizza-store",
                "resource_version": "AAWz5EJWQkc",
                "self_link": "/apis/serving.knative.dev/v1/namespaces/237318786155/services/clientorders",
                "uid": "8727e0b1-1510-4f65-b155-0bfd6af50639"
              }
            ],
            "name": "clientorders",
            "project": "techday-pizza-store",
            "status": [
              {
                "conditions": [
                  {
                    "message": "",
                    "reason": "",
                    "status": "True",
                    "type": "Ready"
                  },
                  {
                    "message": "",
                    "reason": "",
                    "status": "True",
                    "type": "ConfigurationsReady"
                  },
                  {
                    "message": "",
                    "reason": "",
                    "status": "True",
                    "type": "RoutesReady"
                  }
                ],
                "latest_created_revision_name": "clientorders-pnxqv",
                "latest_ready_revision_name": "clientorders-pnxqv",
                "observed_generation": 1,
                "url": "https://clientorders-gltxmbckva-uc.a.run.app"
              }
            ],
            "template": [
              {
                "metadata": [
                  {
                    "annotations": {
                      "autoscaling.knative.dev/maxScale": "1000"
                    },
                    "generation": 0,
                    "labels": {},
                    "name": "",
                    "namespace": "",
                    "resource_version": "",
                    "self_link": "",
                    "uid": ""
                  }
                ],
                "spec": [
                  {
                    "container_concurrency": 80,
                    "containers": [
                      {
                        "args": null,
                        "command": null,
                        "env": [
                          {
                            "name": "QUARKUS_HTTP_PORT",
                            "value": "8080"
                          },
                          {
                            "name": "GCP_PUBSUB_TOPIC_PUBLISH_URL",
                            "value": "/v1/projects/techday-pizza-store/topics/pizza-store:publish"
                          },
                          {
                            "name": "QUARKUS_MONGODB_CONNECTION_STRING",
                            "value": "mongodb://googleCloundRunUser:25yjZFC0MkgF2iXv@article-shard-00-00.smmzv.mongodb.net:27017,article-shard-00-01.smmzv.mongodb.net:27017,article-shard-00-02.smmzv.mongodb.net:27017/pizzaOrder?ssl=true\u0026replicaSet=atlas-pf7b4z-shard-0\u0026authSource=admin\u0026retryWrites=true\u0026w=majority"
                          },
                          {
                            "name": "GCP_API_TOKEN",
                            "value": "ya29.A0AfH6SMAHS2RNPaDyp1PIjzBifZqakfQJ956K20-uwTMCLsUczXpXp175gposG-eVNgs2BGmjSG3bnkgLdYcWVlUfXtpG2kwc4tNHVq7BS_72Fq4pS_Uptc5i3BneJY201ksAXl7a2_LC_9wDKOhzfS5it0yo2RLD4cIF8kQaCgor"
                          }
                        ],
                        "env_from": [],
                        "image": "gcr.io/techday-pizza-store/client-orders",
                        "ports": [
                          {
                            "container_port": 8080,
                            "name": "",
                            "protocol": ""
                          }
                        ],
                        "resources": [
                          {
                            "limits": {
                              "cpu": "1000m",
                              "memory": "256Mi"
                            },
                            "requests": {}
                          }
                        ],
                        "working_dir": ""
                      }
                    ],
                    "service_account_name": "",
                    "serving_state": "",
                    "timeout_seconds": 300
                  }
                ]
              }
            ],
            "timeouts": null,
            "traffic": [
              {
                "latest_revision": true,
                "percent": 100,
                "revision_name": ""
              }
            ]
          },
          "private": "eyJlMmJmYjczMC1lY2FhLTExZTYtOGY4OC0zNDM2M2JjN2M0YzAiOnsiY3JlYXRlIjozNjAwMDAwMDAwMDAsImRlbGV0ZSI6MjQwMDAwMDAwMDAwLCJ1cGRhdGUiOjkwMDAwMDAwMDAwMH0sInNjaGVtYV92ZXJzaW9uIjoiMSJ9",
          "dependencies": [
            "google_project_service.run"
          ]
        }
      ]
    },
    {
      "mode": "managed",
      "type": "google_cloud_run_service",
      "name": "clientssehandler",
      "provider": "provider[\"registry.terraform.io/hashicorp/google\"]",
      "instances": [
        {
          "schema_version": 1,
          "attributes": {
            "autogenerate_revision_name": false,
            "id": "locations/us-central1/namespaces/techday-pizza-store/services/clientssehandler",
            "location": "us-central1",
            "metadata": [
              {
                "annotations": {
                  "serving.knative.dev/creator": "got2bex@gmail.com",
                  "serving.knative.dev/lastModifier": "got2bex@gmail.com"
                },
                "generation": 1,
                "labels": {
                  "cloud.googleapis.com/location": "us-central1"
                },
                "namespace": "techday-pizza-store",
                "resource_version": "AAWz5B0pI3Y",
                "self_link": "/apis/serving.knative.dev/v1/namespaces/237318786155/services/clientssehandler",
                "uid": "214e3e68-26a3-4be5-a2ea-c717cbd1159a"
              }
            ],
            "name": "clientssehandler",
            "project": "techday-pizza-store",
            "status": [
              {
                "conditions": [
                  {
                    "message": "",
                    "reason": "",
                    "status": "True",
                    "type": "Ready"
                  },
                  {
                    "message": "",
                    "reason": "",
                    "status": "True",
                    "type": "ConfigurationsReady"
                  },
                  {
                    "message": "",
                    "reason": "",
                    "status": "True",
                    "type": "RoutesReady"
                  }
                ],
                "latest_created_revision_name": "clientssehandler-kq2ph",
                "latest_ready_revision_name": "clientssehandler-kq2ph",
                "observed_generation": 1,
                "url": "https://clientssehandler-gltxmbckva-uc.a.run.app"
              }
            ],
            "template": [
              {
                "metadata": [
                  {
                    "annotations": {
                      "autoscaling.knative.dev/maxScale": "1000"
                    },
                    "generation": 0,
                    "labels": {},
                    "name": "",
                    "namespace": "",
                    "resource_version": "",
                    "self_link": "",
                    "uid": ""
                  }
                ],
                "spec": [
                  {
                    "container_concurrency": 80,
                    "containers": [
                      {
                        "args": [],
                        "command": [],
                        "env": [],
                        "env_from": [],
                        "image": "gcr.io/techday-pizza-store/client-sse-handler",
                        "ports": [
                          {
                            "container_port": 8080,
                            "name": "",
                            "protocol": ""
                          }
                        ],
                        "resources": [
                          {
                            "limits": {
                              "cpu": "1000m",
                              "memory": "256Mi"
                            },
                            "requests": {}
                          }
                        ],
                        "working_dir": ""
                      }
                    ],
                    "service_account_name": "",
                    "serving_state": "",
                    "timeout_seconds": 300
                  }
                ]
              }
            ],
            "timeouts": null,
            "traffic": [
              {
                "latest_revision": true,
                "percent": 100,
                "revision_name": ""
              }
            ]
          },
          "private": "eyJlMmJmYjczMC1lY2FhLTExZTYtOGY4OC0zNDM2M2JjN2M0YzAiOnsiY3JlYXRlIjozNjAwMDAwMDAwMDAsImRlbGV0ZSI6MjQwMDAwMDAwMDAwLCJ1cGRhdGUiOjkwMDAwMDAwMDAwMH0sInNjaGVtYV92ZXJzaW9uIjoiMSJ9",
          "dependencies": [
            "google_project_service.run"
          ]
        }
      ]
    },
    {
      "mode": "managed",
      "type": "google_cloud_run_service",
      "name": "manager",
      "provider": "provider[\"registry.terraform.io/hashicorp/google\"]",
      "instances": [
        {
          "schema_version": 1,
          "attributes": {
            "autogenerate_revision_name": false,
            "id": "locations/us-central1/namespaces/techday-pizza-store/services/manager",
            "location": "us-central1",
            "metadata": [
              {
                "annotations": {
                  "serving.knative.dev/creator": "got2bex@gmail.com",
                  "serving.knative.dev/lastModifier": "got2bex@gmail.com"
                },
                "generation": 1,
                "labels": {
                  "cloud.googleapis.com/location": "us-central1"
                },
                "namespace": "techday-pizza-store",
                "resource_version": "AAWz5BzK/ZM",
                "self_link": "/apis/serving.knative.dev/v1/namespaces/237318786155/services/manager",
                "uid": "58371182-001c-4251-9798-0f2951e2c303"
              }
            ],
            "name": "manager",
            "project": "techday-pizza-store",
            "status": [
              {
                "conditions": [
                  {
                    "message": "",
                    "reason": "",
                    "status": "True",
                    "type": "Ready"
                  },
                  {
                    "message": "",
                    "reason": "",
                    "status": "True",
                    "type": "ConfigurationsReady"
                  },
                  {
                    "message": "",
                    "reason": "",
                    "status": "True",
                    "type": "RoutesReady"
                  }
                ],
                "latest_created_revision_name": "manager-mgl47",
                "latest_ready_revision_name": "manager-mgl47",
                "observed_generation": 1,
                "url": "https://manager-gltxmbckva-uc.a.run.app"
              }
            ],
            "template": [
              {
                "metadata": [
                  {
                    "annotations": {
                      "autoscaling.knative.dev/maxScale": "1000"
                    },
                    "generation": 0,
                    "labels": {},
                    "name": "",
                    "namespace": "",
                    "resource_version": "",
                    "self_link": "",
                    "uid": ""
                  }
                ],
                "spec": [
                  {
                    "container_concurrency": 80,
                    "containers": [
                      {
                        "args": [],
                        "command": [],
                        "env": [
                          {
                            "name": "QUARKUS_HTTP_PORT",
                            "value": "8080"
                          },
                          {
                            "name": "QUARKUS_MONGODB_CONNECTION_STRING",
                            "value": "mongodb://googleCloundRunUser:25yjZFC0MkgF2iXv@article-shard-00-00.smmzv.mongodb.net:27017,article-shard-00-01.smmzv.mongodb.net:27017,article-shard-00-02.smmzv.mongodb.net:27017/pizzaOrder?ssl=true\u0026replicaSet=atlas-pf7b4z-shard-0\u0026authSource=admin\u0026retryWrites=true\u0026w=majority"
                          },
                          {
                            "name": "GCP_PUBSUB_TOPIC_PUBLISH_URL",
                            "value": "/v1/projects/techday-pizza-store/topics/pizza-store:publish"
                          },
                          {
                            "name": "GCP_API_TOKEN",
                            "value": "ya29.A0AfH6SMAHS2RNPaDyp1PIjzBifZqakfQJ956K20-uwTMCLsUczXpXp175gposG-eVNgs2BGmjSG3bnkgLdYcWVlUfXtpG2kwc4tNHVq7BS_72Fq4pS_Uptc5i3BneJY201ksAXl7a2_LC_9wDKOhzfS5it0yo2RLD4cIF8kQaCgor"
                          }
                        ],
                        "env_from": [],
                        "image": "gcr.io/techday-pizza-store/manager-service",
                        "ports": [
                          {
                            "container_port": 8080,
                            "name": "",
                            "protocol": ""
                          }
                        ],
                        "resources": [
                          {
                            "limits": {
                              "cpu": "1000m",
                              "memory": "256Mi"
                            },
                            "requests": {}
                          }
                        ],
                        "working_dir": ""
                      }
                    ],
                    "service_account_name": "",
                    "serving_state": "",
                    "timeout_seconds": 300
                  }
                ]
              }
            ],
            "timeouts": null,
            "traffic": [
              {
                "latest_revision": true,
                "percent": 100,
                "revision_name": ""
              }
            ]
          },
          "private": "eyJlMmJmYjczMC1lY2FhLTExZTYtOGY4OC0zNDM2M2JjN2M0YzAiOnsiY3JlYXRlIjozNjAwMDAwMDAwMDAsImRlbGV0ZSI6MjQwMDAwMDAwMDAwLCJ1cGRhdGUiOjkwMDAwMDAwMDAwMH0sInNjaGVtYV92ZXJzaW9uIjoiMSJ9",
          "dependencies": [
            "google_project_service.run"
          ]
        }
      ]
    },
    {
      "mode": "managed",
      "type": "google_cloud_run_service",
      "name": "managerfrontend",
      "provider": "provider[\"registry.terraform.io/hashicorp/google\"]",
      "instances": [
        {
          "schema_version": 1,
          "attributes": {
            "autogenerate_revision_name": false,
            "id": "locations/us-central1/namespaces/techday-pizza-store/services/managerfrontend",
            "location": "us-central1",
            "metadata": [
              {
                "annotations": {
                  "serving.knative.dev/creator": "got2bex@gmail.com",
                  "serving.knative.dev/lastModifier": "got2bex@gmail.com"
                },
                "generation": 1,
                "labels": {
                  "cloud.googleapis.com/location": "us-central1"
                },
                "namespace": "techday-pizza-store",
                "resource_version": "AAWz5B1b5cc",
                "self_link": "/apis/serving.knative.dev/v1/namespaces/237318786155/services/managerfrontend",
                "uid": "432c06d8-7009-4cf1-8583-457dc4c70bbd"
              }
            ],
            "name": "managerfrontend",
            "project": "techday-pizza-store",
            "status": [
              {
                "conditions": [
                  {
                    "message": "",
                    "reason": "",
                    "status": "True",
                    "type": "Ready"
                  },
                  {
                    "message": "",
                    "reason": "",
                    "status": "True",
                    "type": "ConfigurationsReady"
                  },
                  {
                    "message": "",
                    "reason": "",
                    "status": "True",
                    "type": "RoutesReady"
                  }
                ],
                "latest_created_revision_name": "managerfrontend-wnc8q",
                "latest_ready_revision_name": "managerfrontend-wnc8q",
                "observed_generation": 1,
                "url": "https://managerfrontend-gltxmbckva-uc.a.run.app"
              }
            ],
            "template": [
              {
                "metadata": [
                  {
                    "annotations": {
                      "autoscaling.knative.dev/maxScale": "1000"
                    },
                    "generation": 0,
                    "labels": {},
                    "name": "",
                    "namespace": "",
                    "resource_version": "",
                    "self_link": "",
                    "uid": ""
                  }
                ],
                "spec": [
                  {
                    "container_concurrency": 80,
                    "containers": [
                      {
                        "args": [],
                        "command": [],
                        "env": [
                          {
                            "name": "ORDERS_ENDPOINT",
                            "value": "https://manager-gltxmbckva-uc.a.run.app"
                          }
                        ],
                        "env_from": [],
                        "image": "gcr.io/techday-pizza-store/manager-frontend",
                        "ports": [
                          {
                            "container_port": 8080,
                            "name": "",
                            "protocol": ""
                          }
                        ],
                        "resources": [
                          {
                            "limits": {
                              "cpu": "1000m",
                              "memory": "256Mi"
                            },
                            "requests": {}
                          }
                        ],
                        "working_dir": ""
                      }
                    ],
                    "service_account_name": "",
                    "serving_state": "",
                    "timeout_seconds": 300
                  }
                ]
              }
            ],
            "timeouts": null,
            "traffic": [
              {
                "latest_revision": true,
                "percent": 100,
                "revision_name": ""
              }
            ]
          },
          "private": "eyJlMmJmYjczMC1lY2FhLTExZTYtOGY4OC0zNDM2M2JjN2M0YzAiOnsiY3JlYXRlIjozNjAwMDAwMDAwMDAsImRlbGV0ZSI6MjQwMDAwMDAwMDAwLCJ1cGRhdGUiOjkwMDAwMDAwMDAwMH0sInNjaGVtYV92ZXJzaW9uIjoiMSJ9",
          "dependencies": [
            "google_cloud_run_service.manager",
            "google_project_service.run"
          ]
        }
      ]
    },
    {
      "mode": "managed",
      "type": "google_cloud_run_service",
      "name": "orders",
      "provider": "provider[\"registry.terraform.io/hashicorp/google\"]",
      "instances": [
        {
          "schema_version": 1,
          "attributes": {
            "autogenerate_revision_name": false,
            "id": "locations/us-central1/namespaces/techday-pizza-store/services/orders",
            "location": "us-central1",
            "metadata": [
              {
                "annotations": {
                  "serving.knative.dev/creator": "got2bex@gmail.com",
                  "serving.knative.dev/lastModifier": "got2bex@gmail.com"
                },
                "generation": 1,
                "labels": {
                  "cloud.googleapis.com/location": "us-central1"
                },
                "namespace": "techday-pizza-store",
                "resource_version": "AAWz5BzNWQo",
                "self_link": "/apis/serving.knative.dev/v1/namespaces/237318786155/services/orders",
                "uid": "189ef0f1-c235-4cc3-ac3e-defedf5f2b3b"
              }
            ],
            "name": "orders",
            "project": "techday-pizza-store",
            "status": [
              {
                "conditions": [
                  {
                    "message": "",
                    "reason": "",
                    "status": "True",
                    "type": "Ready"
                  },
                  {
                    "message": "",
                    "reason": "",
                    "status": "True",
                    "type": "ConfigurationsReady"
                  },
                  {
                    "message": "",
                    "reason": "",
                    "status": "True",
                    "type": "RoutesReady"
                  }
                ],
                "latest_created_revision_name": "orders-tgjpr",
                "latest_ready_revision_name": "orders-tgjpr",
                "observed_generation": 1,
                "url": "https://orders-gltxmbckva-uc.a.run.app"
              }
            ],
            "template": [
              {
                "metadata": [
                  {
                    "annotations": {
                      "autoscaling.knative.dev/maxScale": "1000"
                    },
                    "generation": 0,
                    "labels": {},
                    "name": "",
                    "namespace": "",
                    "resource_version": "",
                    "self_link": "",
                    "uid": ""
                  }
                ],
                "spec": [
                  {
                    "container_concurrency": 80,
                    "containers": [
                      {
                        "args": [],
                        "command": [],
                        "env": [
                          {
                            "name": "QUARKUS_HTTP_PORT",
                            "value": "8080"
                          },
                          {
                            "name": "QUARKUS_MONGODB_CONNECTION_STRING",
                            "value": "mongodb://googleCloundRunUser:25yjZFC0MkgF2iXv@article-shard-00-00.smmzv.mongodb.net:27017,article-shard-00-01.smmzv.mongodb.net:27017,article-shard-00-02.smmzv.mongodb.net:27017/pizzaOrder?ssl=true\u0026replicaSet=atlas-pf7b4z-shard-0\u0026authSource=admin\u0026retryWrites=true\u0026w=majority"
                          },
                          {
                            "name": "GCP_PUBSUB_TOPIC_PUBLISH_URL",
                            "value": "/v1/projects/techday-pizza-store/topics/pizza-store:publish"
                          },
                          {
                            "name": "GCP_API_TOKEN",
                            "value": "ya29.A0AfH6SMAHS2RNPaDyp1PIjzBifZqakfQJ956K20-uwTMCLsUczXpXp175gposG-eVNgs2BGmjSG3bnkgLdYcWVlUfXtpG2kwc4tNHVq7BS_72Fq4pS_Uptc5i3BneJY201ksAXl7a2_LC_9wDKOhzfS5it0yo2RLD4cIF8kQaCgor"
                          }
                        ],
                        "env_from": [],
                        "image": "gcr.io/techday-pizza-store/orders-service",
                        "ports": [
                          {
                            "container_port": 8080,
                            "name": "",
                            "protocol": ""
                          }
                        ],
                        "resources": [
                          {
                            "limits": {
                              "cpu": "1000m",
                              "memory": "256Mi"
                            },
                            "requests": {}
                          }
                        ],
                        "working_dir": ""
                      }
                    ],
                    "service_account_name": "",
                    "serving_state": "",
                    "timeout_seconds": 300
                  }
                ]
              }
            ],
            "timeouts": null,
            "traffic": [
              {
                "latest_revision": true,
                "percent": 100,
                "revision_name": ""
              }
            ]
          },
          "private": "eyJlMmJmYjczMC1lY2FhLTExZTYtOGY4OC0zNDM2M2JjN2M0YzAiOnsiY3JlYXRlIjozNjAwMDAwMDAwMDAsImRlbGV0ZSI6MjQwMDAwMDAwMDAwLCJ1cGRhdGUiOjkwMDAwMDAwMDAwMH0sInNjaGVtYV92ZXJzaW9uIjoiMSJ9",
          "dependencies": [
            "google_project_service.run"
          ]
        }
      ]
    },
    {
      "mode": "managed",
      "type": "google_cloud_run_service_iam_binding",
      "name": "auth_client_frontend",
      "provider": "provider[\"registry.terraform.io/hashicorp/google\"]",
      "instances": [
        {
          "schema_version": 0,
          "attributes": {
            "condition": [],
            "etag": "BwWz5B37L7M=",
            "id": "v1/projects/techday-pizza-store/locations/us-central1/services/clientfrontend/roles/run.invoker",
            "location": "us-central1",
            "members": [
              "allUsers"
            ],
            "project": "techday-pizza-store",
            "role": "roles/run.invoker",
            "service": "v1/projects/techday-pizza-store/locations/us-central1/services/clientfrontend"
          },
          "private": "bnVsbA==",
          "dependencies": [
            "google_cloud_run_service.clientfrontend",
            "google_cloud_run_service.clientorders",
            "google_cloud_run_service.clientssehandler",
            "google_project_service.run"
          ]
        }
      ]
    },
    {
      "mode": "managed",
      "type": "google_cloud_run_service_iam_binding",
      "name": "auth_client_orders",
      "provider": "provider[\"registry.terraform.io/hashicorp/google\"]",
      "instances": [
        {
          "schema_version": 0,
          "attributes": {
            "condition": [],
            "etag": "BwWz5EKGVtU=",
            "id": "v1/projects/techday-pizza-store/locations/us-central1/services/clientorders/roles/run.invoker",
            "location": "us-central1",
            "members": [
              "allUsers"
            ],
            "project": "techday-pizza-store",
            "role": "roles/run.invoker",
            "service": "v1/projects/techday-pizza-store/locations/us-central1/services/clientorders"
          },
          "private": "bnVsbA==",
          "dependencies": [
            "google_cloud_run_service.clientorders",
            "google_project_service.run"
          ]
        }
      ]
    },
    {
      "mode": "managed",
      "type": "google_cloud_run_service_iam_binding",
      "name": "auth_client_sse_handler",
      "provider": "provider[\"registry.terraform.io/hashicorp/google\"]",
      "instances": [
        {
          "schema_version": 0,
          "attributes": {
            "condition": [],
            "etag": "BwWz5B1kQ9U=",
            "id": "v1/projects/techday-pizza-store/locations/us-central1/services/clientssehandler/roles/run.invoker",
            "location": "us-central1",
            "members": [
              "allUsers"
            ],
            "project": "techday-pizza-store",
            "role": "roles/run.invoker",
            "service": "v1/projects/techday-pizza-store/locations/us-central1/services/clientssehandler"
          },
          "private": "bnVsbA==",
          "dependencies": [
            "google_cloud_run_service.clientssehandler",
            "google_project_service.run"
          ]
        }
      ]
    },
    {
      "mode": "managed",
      "type": "google_cloud_run_service_iam_binding",
      "name": "auth_manager_frontend",
      "provider": "provider[\"registry.terraform.io/hashicorp/google\"]",
      "instances": [
        {
          "schema_version": 0,
          "attributes": {
            "condition": [],
            "etag": "BwWz5B1yK44=",
            "id": "v1/projects/techday-pizza-store/locations/us-central1/services/managerfrontend/roles/run.invoker",
            "location": "us-central1",
            "members": [
              "allUsers"
            ],
            "project": "techday-pizza-store",
            "role": "roles/run.invoker",
            "service": "v1/projects/techday-pizza-store/locations/us-central1/services/managerfrontend"
          },
          "private": "bnVsbA==",
          "dependencies": [
            "google_cloud_run_service.manager",
            "google_cloud_run_service.managerfrontend",
            "google_project_service.run"
          ]
        }
      ]
    },
    {
      "mode": "managed",
      "type": "google_cloud_run_service_iam_binding",
      "name": "auth_manager_service",
      "provider": "provider[\"registry.terraform.io/hashicorp/google\"]",
      "instances": [
        {
          "schema_version": 0,
          "attributes": {
            "condition": [],
            "etag": "BwWz5Bzd0go=",
            "id": "v1/projects/techday-pizza-store/locations/us-central1/services/manager/roles/run.invoker",
            "location": "us-central1",
            "members": [
              "allUsers"
            ],
            "project": "techday-pizza-store",
            "role": "roles/run.invoker",
            "service": "v1/projects/techday-pizza-store/locations/us-central1/services/manager"
          },
          "private": "bnVsbA==",
          "dependencies": [
            "google_cloud_run_service.manager",
            "google_project_service.run"
          ]
        }
      ]
    },
    {
      "mode": "managed",
      "type": "google_cloud_run_service_iam_binding",
      "name": "auth_orders",
      "provider": "provider[\"registry.terraform.io/hashicorp/google\"]",
      "instances": [
        {
          "schema_version": 0,
          "attributes": {
            "condition": [],
            "etag": "BwWz5B1d/rc=",
            "id": "v1/projects/techday-pizza-store/locations/us-central1/services/orders/roles/run.invoker",
            "location": "us-central1",
            "members": [
              "allUsers"
            ],
            "project": "techday-pizza-store",
            "role": "roles/run.invoker",
            "service": "v1/projects/techday-pizza-store/locations/us-central1/services/orders"
          },
          "private": "bnVsbA==",
          "dependencies": [
            "google_cloud_run_service.orders",
            "google_project_service.run"
          ]
        }
      ]
    },
    {
      "mode": "managed",
      "type": "google_project_service",
      "name": "run",
      "provider": "provider[\"registry.terraform.io/hashicorp/google\"]",
      "instances": [
        {
          "schema_version": 0,
          "attributes": {
            "disable_dependent_services": null,
            "disable_on_destroy": true,
            "id": "techday-pizza-store/run.googleapis.com",
            "project": "techday-pizza-store",
            "service": "run.googleapis.com",
            "timeouts": null
          },
          "private": "eyJlMmJmYjczMC1lY2FhLTExZTYtOGY4OC0zNDM2M2JjN2M0YzAiOnsiY3JlYXRlIjoxMjAwMDAwMDAwMDAwLCJkZWxldGUiOjEyMDAwMDAwMDAwMDAsInJlYWQiOjYwMDAwMDAwMDAwMCwidXBkYXRlIjoxMjAwMDAwMDAwMDAwfX0="
        }
      ]
    },
    {
      "mode": "managed",
      "type": "google_pubsub_subscription",
      "name": "pizza-store-push-sub",
      "provider": "provider[\"registry.terraform.io/hashicorp/google\"]",
      "instances": [
        {
          "schema_version": 0,
          "attributes": {
            "ack_deadline_seconds": 20,
            "dead_letter_policy": [],
            "enable_message_ordering": false,
            "expiration_policy": [
              {
                "ttl": "2678400s"
              }
            ],
            "filter": "attributes.eventId = \"PIZZA_ORDER_REQUEST\" OR attributes.eventId = \"PIZZA_PREPARED_REQUEST\" OR attributes.eventId = \"PIZZA_BAKED_REQUEST\" OR attributes.eventId = \"PIZZA_LEFT_STORE_REQUEST\" OR attributes.eventId = \"PIZZA_DELIVERED_REQUEST\"",
            "id": "projects/techday-pizza-store/subscriptions/pizza-store-push-sub",
            "labels": {},
            "message_retention_duration": "604800s",
            "name": "pizza-store-push-sub",
            "path": "projects/techday-pizza-store/subscriptions/pizza-store-push-sub",
            "project": "techday-pizza-store",
            "push_config": [
              {
                "attributes": {},
                "oidc_token": [],
                "push_endpoint": "https://orders-gltxmbckva-uc.a.run.app/orders"
              }
            ],
            "retain_acked_messages": false,
            "retry_policy": [
              {
                "maximum_backoff": "600s",
                "minimum_backoff": "10s"
              }
            ],
            "timeouts": null,
            "topic": "projects/techday-pizza-store/topics/pizza-store"
          },
          "private": "eyJlMmJmYjczMC1lY2FhLTExZTYtOGY4OC0zNDM2M2JjN2M0YzAiOnsiY3JlYXRlIjozNjAwMDAwMDAwMDAsImRlbGV0ZSI6MjQwMDAwMDAwMDAwLCJ1cGRhdGUiOjM2MDAwMDAwMDAwMH19",
          "dependencies": [
            "google_cloud_run_service.orders",
            "google_project_service.run",
            "google_pubsub_topic.pizza-store"
          ]
        }
      ]
    },
    {
      "mode": "managed",
      "type": "google_pubsub_topic",
      "name": "pizza-store",
      "provider": "provider[\"registry.terraform.io/hashicorp/google\"]",
      "instances": [
        {
          "schema_version": 0,
          "attributes": {
            "id": "projects/techday-pizza-store/topics/pizza-store",
            "kms_key_name": "",
            "labels": {},
            "message_storage_policy": [],
            "name": "pizza-store",
            "project": "techday-pizza-store",
            "timeouts": null
          },
          "private": "eyJlMmJmYjczMC1lY2FhLTExZTYtOGY4OC0zNDM2M2JjN2M0YzAiOnsiY3JlYXRlIjozNjAwMDAwMDAwMDAsImRlbGV0ZSI6MjQwMDAwMDAwMDAwLCJ1cGRhdGUiOjM2MDAwMDAwMDAwMH19"
        }
      ]
    }
  ]
}
